Microsoft Visual Studio Solution File, Format Version 12.00
# Visual Studio 14
VisualStudioVersion = 14.0.25420.1
MinimumVisualStudioVersion = 10.0.40219.1
Project("{8BC9CEB8-8B4A-11D0-8D11-00A0C91BC942}") = "dmlc", "dmlc-core\dmlc.vcxproj", "{F477E88C-AB39-313A-BFDA-3BE51D67F912}"
EndProject
Project("{8BC9CEB8-8B4A-11D0-8D11-00A0C91BC942}") = "mxnet", "mxnet.vcxproj", "{66AA2586-7CCF-3E29-911E-0731C33FEE50}"
	ProjectSection(ProjectDependencies) = postProject
		{F477E88C-AB39-313A-BFDA-3BE51D67F912} = {F477E88C-AB39-313A-BFDA-3BE51D67F912}
	EndProjectSection
EndProject
Project("{8BC9CEB8-8B4A-11D0-8D11-00A0C91BC942}") = "demo", "demo\demo.vcxproj", "{662077F0-D97C-446B-8870-B2C5DED8D7B8}"
EndProject
Global
	GlobalSection(SolutionConfigurationPlatforms) = preSolution
		Debug|x64 = Debug|x64
		Debug|x86 = Debug|x86
		MinSizeRel|x64 = MinSizeRel|x64
		MinSizeRel|x86 = MinSizeRel|x86
		Release|x64 = Release|x64
		Release|x86 = Release|x86
		RelWithDebInfo|x64 = RelWithDebInfo|x64
		RelWithDebInfo|x86 = RelWithDebInfo|x86
	EndGlobalSection
	GlobalSection(ProjectConfigurationPlatforms) = postSolution
		{F477E88C-AB39-313A-BFDA-3BE51D67F912}.Debug|x64.ActiveCfg = Debug|x64
		{F477E88C-AB39-313A-BFDA-3BE51D67F912}.Debug|x64.Build.0 = Debug|x64
		{F477E88C-AB39-313A-BFDA-3BE51D67F912}.Debug|x86.ActiveCfg = Debug|x64
		{F477E88C-AB39-313A-BFDA-3BE51D67F912}.MinSizeRel|x64.ActiveCfg = MinSizeRel|x64
		{F477E88C-AB39-313A-BFDA-3BE51D67F912}.MinSizeRel|x64.Build.0 = MinSizeRel|x64
		{F477E88C-AB39-313A-BFDA-3BE51D67F912}.MinSizeRel|x86.ActiveCfg = MinSizeRel|x64
		{F477E88C-AB39-313A-BFDA-3BE51D67F912}.Release|x64.ActiveCfg = Release|x64
		{F477E88C-AB39-313A-BFDA-3BE51D67F912}.Release|x64.Build.0 = Release|x64
		{F477E88C-AB39-313A-BFDA-3BE51D67F912}.Release|x86.ActiveCfg = Release|x64
		{F477E88C-AB39-313A-BFDA-3BE51D67F912}.RelWithDebInfo|x64.ActiveCfg = RelWithDebInfo|x64
		{F477E88C-AB39-313A-BFDA-3BE51D67F912}.RelWithDebInfo|x64.Build.0 = RelWithDebInfo|x64
		{F477E88C-AB39-313A-BFDA-3BE51D67F912}.RelWithDebInfo|x86.ActiveCfg = RelWithDebInfo|x64
		{66AA2586-7CCF-3E29-911E-0731C33FEE50}.Debug|x64.ActiveCfg = Debug|x64
		{66AA2586-7CCF-3E29-911E-0731C33FEE50}.Debug|x64.Build.0 = Debug|x64
		{66AA2586-7CCF-3E29-911E-0731C33FEE50}.Debug|x86.ActiveCfg = Debug|x64
		{66AA2586-7CCF-3E29-911E-0731C33FEE50}.MinSizeRel|x64.ActiveCfg = MinSizeRel|x64
		{66AA2586-7CCF-3E29-911E-0731C33FEE50}.MinSizeRel|x64.Build.0 = MinSizeRel|x64
		{66AA2586-7CCF-3E29-911E-0731C33FEE50}.MinSizeRel|x86.ActiveCfg = MinSizeRel|x64
		{66AA2586-7CCF-3E29-911E-0731C33FEE50}.Release|x64.ActiveCfg = Release|x64
		{66AA2586-7CCF-3E29-911E-0731C33FEE50}.Release|x64.Build.0 = Release|x64
		{66AA2586-7CCF-3E29-911E-0731C33FEE50}.Release|x86.ActiveCfg = Release|x64
		{66AA2586-7CCF-3E29-911E-0731C33FEE50}.RelWithDebInfo|x64.ActiveCfg = RelWithDebInfo|x64
		{66AA2586-7CCF-3E29-911E-0731C33FEE50}.RelWithDebInfo|x64.Build.0 = RelWithDebInfo|x64
		{66AA2586-7CCF-3E29-911E-0731C33FEE50}.RelWithDebInfo|x86.ActiveCfg = RelWithDebInfo|x64
		{662077F0-D97C-446B-8870-B2C5DED8D7B8}.Debug|x64.ActiveCfg = Debug|x64
		{662077F0-D97C-446B-8870-B2C5DED8D7B8}.Debug|x64.Build.0 = Debug|x64
		{662077F0-D97C-446B-8870-B2C5DED8D7B8}.Debug|x86.ActiveCfg = Debug|Win32
		{662077F0-D97C-446B-8870-B2C5DED8D7B8}.Debug|x86.Build.0 = Debug|Win32
		{662077F0-D97C-446B-8870-B2C5DED8D7B8}.MinSizeRel|x64.ActiveCfg = Release|x64
		{662077F0-D97C-446B-8870-B2C5DED8D7B8}.MinSizeRel|x64.Build.0 = Release|x64
		{662077F0-D97C-446B-8870-B2C5DED8D7B8}.MinSizeRel|x86.ActiveCfg = Release|Win32
		{662077F0-D97C-446B-8870-B2C5DED8D7B8}.MinSizeRel|x86.Build.0 = Release|Win32
		{662077F0-D97C-446B-8870-B2C5DED8D7B8}.Release|x64.ActiveCfg = Release|x64
		{662077F0-D97C-446B-8870-B2C5DED8D7B8}.Release|x64.Build.0 = Release|x64
		{662077F0-D97C-446B-8870-B2C5DED8D7B8}.Release|x86.ActiveCfg = Release|Win32
		{662077F0-D97C-446B-8870-B2C5DED8D7B8}.Release|x86.Build.0 = Release|Win32
		{662077F0-D97C-446B-8870-B2C5DED8D7B8}.RelWithDebInfo|x64.ActiveCfg = Release|x64
		{662077F0-D97C-446B-8870-B2C5DED8D7B8}.RelWithDebInfo|x64.Build.0 = Release|x64
		{662077F0-D97C-446B-8870-B2C5DED8D7B8}.RelWithDebInfo|x86.ActiveCfg = Release|Win32
		{662077F0-D97C-446B-8870-B2C5DED8D7B8}.RelWithDebInfo|x86.Build.0 = Release|Win32
	EndGlobalSection
	GlobalSection(SolutionProperties) = preSolution
		HideSolutionNode = FALSE
	EndGlobalSection
EndGlobal
