<?xml version="1.0" encoding="utf-8"?>
<Project ToolsVersion="4.0" xmlns="http://schemas.microsoft.com/developer/msbuild/2003">
  <ItemGroup>
    <Filter Include="Header Files">
      <UniqueIdentifier>{93995380-89BD-4b04-88EB-625FBE52EBFB}</UniqueIdentifier>
      <Extensions>h;hh;hpp;hxx;hm;inl;inc;xsd</Extensions>
    </Filter>
    <Filter Include="Source Files">
      <UniqueIdentifier>{4FC737F1-C7A5-4376-A066-2A32D752A2FF}</UniqueIdentifier>
      <Extensions>cpp;c;cc;cxx;def;odl;idl;hpj;bat;asm;asmx</Extensions>
    </Filter>
  </ItemGroup>
  <ItemGroup>
    <ClInclude Include="..\..\dmlc-core\include\dmlc\any.h">
      <Filter>Header Files</Filter>
    </ClInclude>
    <ClInclude Include="..\..\dmlc-core\include\dmlc\array_view.h">
      <Filter>Header Files</Filter>
    </ClInclude>
    <ClInclude Include="..\..\dmlc-core\include\dmlc\base.h">
      <Filter>Header Files</Filter>
    </ClInclude>
    <ClInclude Include="..\..\dmlc-core\include\dmlc\blockingconcurrentqueue.h">
      <Filter>Header Files</Filter>
    </ClInclude>
    <ClInclude Include="..\..\dmlc-core\include\dmlc\common.h">
      <Filter>Header Files</Filter>
    </ClInclude>
    <ClInclude Include="..\..\dmlc-core\include\dmlc\concurrency.h">
      <Filter>Header Files</Filter>
    </ClInclude>
    <ClInclude Include="..\..\dmlc-core\include\dmlc\concurrentqueue.h">
      <Filter>Header Files</Filter>
    </ClInclude>
    <ClInclude Include="..\..\dmlc-core\include\dmlc\config.h">
      <Filter>Header Files</Filter>
    </ClInclude>
    <ClInclude Include="..\..\dmlc-core\include\dmlc\data.h">
      <Filter>Header Files</Filter>
    </ClInclude>
    <ClInclude Include="..\..\dmlc-core\include\dmlc\endian.h">
      <Filter>Header Files</Filter>
    </ClInclude>
    <ClInclude Include="..\..\dmlc-core\include\dmlc\input_split_shuffle.h">
      <Filter>Header Files</Filter>
    </ClInclude>
    <ClInclude Include="..\..\dmlc-core\include\dmlc\io.h">
      <Filter>Header Files</Filter>
    </ClInclude>
    <ClInclude Include="..\..\dmlc-core\include\dmlc\json.h">
      <Filter>Header Files</Filter>
    </ClInclude>
    <ClInclude Include="..\..\dmlc-core\include\dmlc\logging.h">
      <Filter>Header Files</Filter>
    </ClInclude>
    <ClInclude Include="..\..\dmlc-core\include\dmlc\lua.h">
      <Filter>Header Files</Filter>
    </ClInclude>
    <ClInclude Include="..\..\dmlc-core\include\dmlc\memory.h">
      <Filter>Header Files</Filter>
    </ClInclude>
    <ClInclude Include="..\..\dmlc-core\include\dmlc\memory_io.h">
      <Filter>Header Files</Filter>
    </ClInclude>
    <ClInclude Include="..\..\dmlc-core\include\dmlc\omp.h">
      <Filter>Header Files</Filter>
    </ClInclude>
    <ClInclude Include="..\..\dmlc-core\include\dmlc\optional.h">
      <Filter>Header Files</Filter>
    </ClInclude>
    <ClInclude Include="..\..\dmlc-core\include\dmlc\parameter.h">
      <Filter>Header Files</Filter>
    </ClInclude>
    <ClInclude Include="..\..\dmlc-core\include\dmlc\recordio.h">
      <Filter>Header Files</Filter>
    </ClInclude>
    <ClInclude Include="..\..\dmlc-core\include\dmlc\registry.h">
      <Filter>Header Files</Filter>
    </ClInclude>
    <ClInclude Include="..\..\dmlc-core\include\dmlc\serializer.h">
      <Filter>Header Files</Filter>
    </ClInclude>
    <ClInclude Include="..\..\dmlc-core\include\dmlc\thread_group.h">
      <Filter>Header Files</Filter>
    </ClInclude>
    <ClInclude Include="..\..\dmlc-core\include\dmlc\thread_local.h">
      <Filter>Header Files</Filter>
    </ClInclude>
    <ClInclude Include="..\..\dmlc-core\include\dmlc\threadediter.h">
      <Filter>Header Files</Filter>
    </ClInclude>
    <ClInclude Include="..\..\dmlc-core\include\dmlc\timer.h">
      <Filter>Header Files</Filter>
    </ClInclude>
    <ClInclude Include="..\..\dmlc-core\include\dmlc\type_traits.h">
      <Filter>Header Files</Filter>
    </ClInclude>
  </ItemGroup>
  <ItemGroup>
    <ClCompile Include="..\..\dmlc-core\src\config.cc">
      <Filter>Source Files</Filter>
    </ClCompile>
    <ClCompile Include="..\..\dmlc-core\src\data.cc">
      <Filter>Source Files</Filter>
    </ClCompile>
    <ClCompile Include="..\..\dmlc-core\src\io.cc">
      <Filter>Source Files</Filter>
    </ClCompile>
    <ClCompile Include="..\..\dmlc-core\src\recordio.cc">
      <Filter>Source Files</Filter>
    </ClCompile>
    <ClCompile Include="..\..\dmlc-core\src\io\filesys.cc">
      <Filter>Source Files</Filter>
    </ClCompile>
    <ClCompile Include="..\..\dmlc-core\src\io\indexed_recordio_split.cc">
      <Filter>Source Files</Filter>
    </ClCompile>
    <ClCompile Include="..\..\dmlc-core\src\io\input_split_base.cc">
      <Filter>Source Files</Filter>
    </ClCompile>
    <ClCompile Include="..\..\dmlc-core\src\io\line_split.cc">
      <Filter>Source Files</Filter>
    </ClCompile>
    <ClCompile Include="..\..\dmlc-core\src\io\local_filesys.cc">
      <Filter>Source Files</Filter>
    </ClCompile>
    <ClCompile Include="..\..\dmlc-core\src\io\recordio_split.cc">
      <Filter>Source Files</Filter>
    </ClCompile>
  </ItemGroup>
</Project>