<?xml version="1.0" encoding="utf-8"?>
<Project ToolsVersion="4.0" xmlns="http://schemas.microsoft.com/developer/msbuild/2003">
  <ItemGroup>
    <Filter Include="CUDA\src\operator\contrib\ctc_include">
      <UniqueIdentifier>{4110BDB7-5C9B-3811-8D87-17A752F6D02E}</UniqueIdentifier>
    </Filter>
    <Filter Include="CUDA\src\operator\contrib\nn">
      <UniqueIdentifier>{0A23A602-EC10-32FD-A14C-079B0F7E4FA9}</UniqueIdentifier>
    </Filter>
    <Filter Include="Include\mshadow\mshadow\extension">
      <UniqueIdentifier>{E1351192-944C-3D17-A653-4154D8E6DD0D}</UniqueIdentifier>
    </Filter>
    <Filter Include="Include\mshadow\mshadow\packet">
      <UniqueIdentifier>{3F380D23-1068-3363-A24A-357D8C80CF2D}</UniqueIdentifier>
    </Filter>
    <Filter Include="Include\nnvm\include\nnvm\compiler">
      <UniqueIdentifier>{05776B73-8791-35B2-BB56-2285FAF0DB5E}</UniqueIdentifier>
    </Filter>
    <Filter Include="Include\nnvm\include\nnvm\top">
      <UniqueIdentifier>{421711DB-5EBF-3ECB-AF76-3EFB62A1D27E}</UniqueIdentifier>
    </Filter>
    <Filter Include="Include\src\operator\nn\cudnn">
      <UniqueIdentifier>{F59D8665-68EE-3A2D-8E26-091670B0632A}</UniqueIdentifier>
    </Filter>
    <Filter Include="Include\src\operator\contrib\ctc_include">
      <UniqueIdentifier>{C0358EE4-9A8B-36A2-910B-1E9C4C26C9BE}</UniqueIdentifier>
    </Filter>
    <Filter Include="Include\src\operator\contrib\nn">
      <UniqueIdentifier>{465B1A08-74CB-395E-A0BC-3355640B8301}</UniqueIdentifier>
    </Filter>
    <Filter Include="Include\src\operator\contrib\ctc_include\contrib">
      <UniqueIdentifier>{A20FA2AC-BA0D-3E97-B2B7-EEEB39449167}</UniqueIdentifier>
    </Filter>
    <Filter Include="Include\src\operator\contrib\ctc_include\detail">
      <UniqueIdentifier>{40746B42-2797-3677-B978-E0F831AC3A50}</UniqueIdentifier>
    </Filter>
    <Filter Include="Source\src\operator\nn\cudnn">
      <UniqueIdentifier>{3149EAE6-CB07-3CD6-93E6-C3206CA78A50}</UniqueIdentifier>
    </Filter>
    <Filter Include="Include\nnvm\src\c_api">
      <UniqueIdentifier>{DE1601CC-E9AA-38F6-800D-7DD2EBD82A82}</UniqueIdentifier>
    </Filter>
    <Filter Include="Include\nnvm\src\pass">
      <UniqueIdentifier>{30C059DC-EF13-3E17-8472-679FC7C1CE99}</UniqueIdentifier>
    </Filter>
    <Filter Include="Include\src">
      <UniqueIdentifier>{727A2A0B-CEEC-38E4-BCB9-38100CBA1BE2}</UniqueIdentifier>
    </Filter>
    <Filter Include="Include\nnvm">
      <UniqueIdentifier>{E1BF2C03-017F-30BB-946F-3F343FF953DD}</UniqueIdentifier>
    </Filter>
    <Filter Include="Include\mshadow">
      <UniqueIdentifier>{EC2318B6-3227-369E-B970-A2BC249C053E}</UniqueIdentifier>
    </Filter>
    <Filter Include="Source\nnvm\src">
      <UniqueIdentifier>{9F6BBE7B-6D9F-3B35-BCCC-89A14C5E36BB}</UniqueIdentifier>
    </Filter>
    <Filter Include="Include\nnvm\include">
      <UniqueIdentifier>{E450BC46-B081-3A40-B109-3295AB9CFE1E}</UniqueIdentifier>
    </Filter>
    <Filter Include="Include\nnvm\src">
      <UniqueIdentifier>{B21DCD80-C9CE-3CC4-A8C8-C3203464D1EB}</UniqueIdentifier>
    </Filter>
    <Filter Include="CUDA\src">
      <UniqueIdentifier>{27048C8C-7714-3A6F-80D9-5E5A2E84537B}</UniqueIdentifier>
    </Filter>
    <Filter Include="CUDA\mshadow">
      <UniqueIdentifier>{26B27075-8471-3988-B99A-75F9480A15AD}</UniqueIdentifier>
    </Filter>
    <Filter Include="CUDA\src\common">
      <UniqueIdentifier>{300DF88F-CC04-31E2-B8C3-FE36BD4BB676}</UniqueIdentifier>
    </Filter>
    <Filter Include="CUDA\src\ndarray">
      <UniqueIdentifier>{8B319342-9DF6-309E-BD20-225A6DE1704C}</UniqueIdentifier>
    </Filter>
    <Filter Include="CUDA\src\operator">
      <UniqueIdentifier>{DF16BCF8-108C-3F06-859F-8E0BD457DE60}</UniqueIdentifier>
    </Filter>
    <Filter Include="CUDA\src\operator\contrib">
      <UniqueIdentifier>{BFC5C736-FB38-3341-9CBF-04C5252E84ED}</UniqueIdentifier>
    </Filter>
    <Filter Include="CUDA\src\operator\custom">
      <UniqueIdentifier>{AA3A07BC-3B8B-365A-A5B7-047CD352D10C}</UniqueIdentifier>
    </Filter>
    <Filter Include="CUDA\src\operator\nn">
      <UniqueIdentifier>{58041F3C-FCF5-3E16-B5FD-B8E8E88AEA63}</UniqueIdentifier>
    </Filter>
    <Filter Include="CUDA\src\operator\random">
      <UniqueIdentifier>{9442D1F6-3CC4-3173-9649-5FC7BE13073D}</UniqueIdentifier>
    </Filter>
    <Filter Include="CUDA\src\operator\tensor">
      <UniqueIdentifier>{2F573CB9-D3AC-3A8D-A50A-5DE80899381C}</UniqueIdentifier>
    </Filter>
    <Filter Include="Source\src\c_api">
      <UniqueIdentifier>{548B42C7-298A-381A-86BA-280C1E4BB7E4}</UniqueIdentifier>
    </Filter>
    <Filter Include="Source\src\common">
      <UniqueIdentifier>{8585E916-0033-37DE-843F-18A4D719525E}</UniqueIdentifier>
    </Filter>
    <Filter Include="Source\src\engine">
      <UniqueIdentifier>{ACE39942-8D5D-3D26-97DD-9DBC07D6B246}</UniqueIdentifier>
    </Filter>
    <Filter Include="Source\src\executor">
      <UniqueIdentifier>{B213FF3D-D992-3817-B2A0-07FD219654A2}</UniqueIdentifier>
    </Filter>
    <Filter Include="Source\src\imperative">
      <UniqueIdentifier>{ACBABAD2-4CEB-3314-80E3-44A4D861F1C3}</UniqueIdentifier>
    </Filter>
    <Filter Include="Source\src\io">
      <UniqueIdentifier>{848C8572-09F2-38ED-89F0-70A1B8FE4930}</UniqueIdentifier>
    </Filter>
    <Filter Include="Source\src\ndarray">
      <UniqueIdentifier>{88AFCACF-D6ED-3C1F-B703-51715C847707}</UniqueIdentifier>
    </Filter>
    <Filter Include="Source\src\nnvm">
      <UniqueIdentifier>{2CE29954-3721-326A-A932-5A707CF46F1A}</UniqueIdentifier>
    </Filter>
    <Filter Include="Source\src\operator">
      <UniqueIdentifier>{6F49EC9C-FDBF-3D3F-8A7A-F4B1CA165B7C}</UniqueIdentifier>
    </Filter>
    <Filter Include="Source\src\storage">
      <UniqueIdentifier>{3CB5BB50-46AA-3B63-8E71-FD6B3427236C}</UniqueIdentifier>
    </Filter>
    <Filter Include="Header Files">
      <UniqueIdentifier>{38576E79-F688-36F5-949B-F6781631DFD7}</UniqueIdentifier>
    </Filter>
    <Filter Include="Object Files">
      <UniqueIdentifier>{1C81A36E-5B29-3681-9A86-89F24E491768}</UniqueIdentifier>
    </Filter>
    <Filter Include="Source">
      <UniqueIdentifier>{C41E398C-D0E9-3DA8-805D-9085FFA3F6EB}</UniqueIdentifier>
    </Filter>
    <Filter Include="Include">
      <UniqueIdentifier>{235D373B-C04A-350B-B72E-1323C9E750AC}</UniqueIdentifier>
    </Filter>
    <Filter Include="CUDA">
      <UniqueIdentifier>{A1C57CAE-D624-3670-819B-9A8CA21E6431}</UniqueIdentifier>
    </Filter>
    <Filter Include="Include\src\operator\contrib">
      <UniqueIdentifier>{66DD9A81-7304-3C33-9DF0-9E24D0CF9263}</UniqueIdentifier>
    </Filter>
    <Filter Include="Include\src\operator\custom">
      <UniqueIdentifier>{3FEFD902-53FF-368E-9718-5CC870A16518}</UniqueIdentifier>
    </Filter>
    <Filter Include="Include\src\operator\image">
      <UniqueIdentifier>{0DBAABE0-F20E-3EA8-911E-75556ECBDE6C}</UniqueIdentifier>
    </Filter>
    <Filter Include="Include\src\operator\nn">
      <UniqueIdentifier>{4233E1D1-D3FD-3EF7-AAD1-6CDB0494C0D9}</UniqueIdentifier>
    </Filter>
    <Filter Include="Include\src\operator\random">
      <UniqueIdentifier>{BEF043A5-CD56-3528-A30D-528D7341413B}</UniqueIdentifier>
    </Filter>
    <Filter Include="Include\src\operator\tensor">
      <UniqueIdentifier>{6FDC3A0E-D879-3EFE-A14E-E04663D0DEFD}</UniqueIdentifier>
    </Filter>
    <Filter Include="Source\src">
      <UniqueIdentifier>{79FBB552-9BF9-359B-8A5C-371E53BC8E57}</UniqueIdentifier>
    </Filter>
    <Filter Include="Source\nnvm">
      <UniqueIdentifier>{D1953CC5-DDB8-3417-A80F-1CF9C006FAEE}</UniqueIdentifier>
    </Filter>
    <Filter Include="Include\src\c_api">
      <UniqueIdentifier>{8B8437AF-ABB0-3B23-97EC-E40819D87FE8}</UniqueIdentifier>
    </Filter>
    <Filter Include="Include\src\common">
      <UniqueIdentifier>{4CE5BAE1-0F15-39F4-BA42-0ACB33F0D8BB}</UniqueIdentifier>
    </Filter>
    <Filter Include="Include\src\engine">
      <UniqueIdentifier>{9C9B876B-B432-31A8-A9AA-4B42E67E833D}</UniqueIdentifier>
    </Filter>
    <Filter Include="Include\src\executor">
      <UniqueIdentifier>{7C4A38BE-5FFD-3020-9E3B-88B35DD4C13C}</UniqueIdentifier>
    </Filter>
    <Filter Include="Include\src\imperative">
      <UniqueIdentifier>{A02B08AD-4D7C-3E14-AA78-A4D6717C18FB}</UniqueIdentifier>
    </Filter>
    <Filter Include="Include\src\io">
      <UniqueIdentifier>{7D0C454C-DFEC-3FC9-BF6D-BB233F17275F}</UniqueIdentifier>
    </Filter>
    <Filter Include="Include\src\ndarray">
      <UniqueIdentifier>{09DCE631-14F6-310E-96EB-9185639B0357}</UniqueIdentifier>
    </Filter>
    <Filter Include="Include\src\operator">
      <UniqueIdentifier>{0B806873-191B-32CA-B63B-9402F86E9A86}</UniqueIdentifier>
    </Filter>
    <Filter Include="Include\src\storage">
      <UniqueIdentifier>{D55FC04D-63D5-39EC-80B9-7F54D92A1CE3}</UniqueIdentifier>
    </Filter>
    <Filter Include="Source\src\operator\contrib">
      <UniqueIdentifier>{9C6EAE47-F579-34FD-B619-F71A8B95A74A}</UniqueIdentifier>
    </Filter>
    <Filter Include="Source\src\operator\custom">
      <UniqueIdentifier>{607BAD38-B6F1-32A4-8296-E5690BA2657C}</UniqueIdentifier>
    </Filter>
    <Filter Include="Source\src\operator\image">
      <UniqueIdentifier>{248D562D-3303-3FC8-850A-966EFC928E8A}</UniqueIdentifier>
    </Filter>
    <Filter Include="Source\src\operator\nn">
      <UniqueIdentifier>{CFFE4C06-ABCE-35FF-80EE-E0B56733881F}</UniqueIdentifier>
    </Filter>
    <Filter Include="Source\src\operator\random">
      <UniqueIdentifier>{B9583462-1EBA-3744-BAAC-3FE20F3C37C4}</UniqueIdentifier>
    </Filter>
    <Filter Include="Source\src\operator\tensor">
      <UniqueIdentifier>{55753A46-17FF-3543-B4C2-519A7EFBB294}</UniqueIdentifier>
    </Filter>
    <Filter Include="Source\nnvm\src\c_api">
      <UniqueIdentifier>{25E4AD4F-3FDA-352E-AAC3-061851712D3C}</UniqueIdentifier>
    </Filter>
    <Filter Include="Source\nnvm\src\core">
      <UniqueIdentifier>{F64DB631-6885-3B9F-899E-CE858370807D}</UniqueIdentifier>
    </Filter>
    <Filter Include="Source\nnvm\src\pass">
      <UniqueIdentifier>{AD9C8FC4-43CF-38C4-A6A7-9556C43AFEE7}</UniqueIdentifier>
    </Filter>
    <Filter Include="Include\src\operator\contrib\ctc_include\contrib\moderngpu\include">
      <UniqueIdentifier>{1E95BAD5-DEC1-3389-8241-51A4960A2309}</UniqueIdentifier>
    </Filter>
    <Filter Include="Include\src\operator\contrib\ctc_include\contrib\moderngpu">
      <UniqueIdentifier>{2C76CFB2-E059-3E22-8B30-F9B44686D23C}</UniqueIdentifier>
    </Filter>
    <Filter Include="CUDA\src\operator\contrib\ctc_include\contrib">
      <UniqueIdentifier>{36A7CB33-8ECE-3A66-87EE-154C8B9C9A2E}</UniqueIdentifier>
    </Filter>
    <Filter Include="CUDA\src\operator\contrib\ctc_include\contrib\moderngpu">
      <UniqueIdentifier>{0BD8F0FA-C11A-3F8B-9DDF-E669E35DC06E}</UniqueIdentifier>
    </Filter>
    <Filter Include="CUDA\src\operator\contrib\ctc_include\contrib\moderngpu\include">
      <UniqueIdentifier>{7621F7A5-3451-3097-BD13-1F0D7F06C2E8}</UniqueIdentifier>
    </Filter>
    <Filter Include="CUDA\src\operator\contrib\ctc_include\contrib\moderngpu\include\device">
      <UniqueIdentifier>{E98903DC-B45E-36DD-B1AD-9237940E1B10}</UniqueIdentifier>
    </Filter>
    <Filter Include="CUDA\src\operator\nn\cudnn">
      <UniqueIdentifier>{1E148F2B-DEF4-3E7F-BABD-D30BD7FA313A}</UniqueIdentifier>
    </Filter>
    <Filter Include="CUDA\src\operator\tensor\util">
      <UniqueIdentifier>{C5BE265A-840A-3778-B129-0E7285B63828}</UniqueIdentifier>
    </Filter>
    <Filter Include="CUDA\mshadow\mshadow">
      <UniqueIdentifier>{8FDD75D8-5E4B-330A-8B61-4DD6729BD03C}</UniqueIdentifier>
    </Filter>
    <Filter Include="CUDA\mshadow\mshadow\cuda">
      <UniqueIdentifier>{B1C96767-0983-3110-8E44-ED12FE2954D2}</UniqueIdentifier>
    </Filter>
    <Filter Include="Include\src\operator\contrib\ctc_include\contrib\moderngpu\include\util">
      <UniqueIdentifier>{B343EFF1-912B-3C84-B63D-AE14290665D6}</UniqueIdentifier>
    </Filter>
    <Filter Include="Include\src\operator\tensor\util">
      <UniqueIdentifier>{A87B65FC-F1D6-3242-98ED-C81ED5BCAC79}</UniqueIdentifier>
    </Filter>
    <Filter Include="Include\nnvm\include\nnvm">
      <UniqueIdentifier>{DB892474-B1AE-385F-BE13-FD0E83AE86ED}</UniqueIdentifier>
    </Filter>
    <Filter Include="Include\mshadow\mshadow">
      <UniqueIdentifier>{7A3B2981-AC38-3B2C-A117-9F41BAF0BCBD}</UniqueIdentifier>
    </Filter>
  </ItemGroup>
  <ItemGroup>
    <ClInclude Include="..\..\mshadow\mshadow\cuda\reduce.cuh">
      <Filter>CUDA\mshadow\mshadow\cuda</Filter>
    </ClInclude>
    <ClInclude Include="..\..\mshadow\mshadow\cuda\tensor_gpu-inl.cuh">
      <Filter>CUDA\mshadow\mshadow\cuda</Filter>
    </ClInclude>
    <ClInclude Include="..\..\src\ndarray\ndarray_function-inl.cuh">
      <Filter>CUDA\src\ndarray</Filter>
    </ClInclude>
    <ClInclude Include="..\..\src\operator\contrib\ctc_include\contrib\moderngpu\include\device\ctaloadbalance.cuh">
      <Filter>CUDA\src\operator\contrib\ctc_include\contrib\moderngpu\include\device</Filter>
    </ClInclude>
    <ClInclude Include="..\..\src\operator\contrib\ctc_include\contrib\moderngpu\include\device\ctamerge.cuh">
      <Filter>CUDA\src\operator\contrib\ctc_include\contrib\moderngpu\include\device</Filter>
    </ClInclude>
    <ClInclude Include="..\..\src\operator\contrib\ctc_include\contrib\moderngpu\include\device\ctascan.cuh">
      <Filter>CUDA\src\operator\contrib\ctc_include\contrib\moderngpu\include\device</Filter>
    </ClInclude>
    <ClInclude Include="..\..\src\operator\contrib\ctc_include\contrib\moderngpu\include\device\ctasearch.cuh">
      <Filter>CUDA\src\operator\contrib\ctc_include\contrib\moderngpu\include\device</Filter>
    </ClInclude>
    <ClInclude Include="..\..\src\operator\contrib\ctc_include\contrib\moderngpu\include\device\ctasegreduce.cuh">
      <Filter>CUDA\src\operator\contrib\ctc_include\contrib\moderngpu\include\device</Filter>
    </ClInclude>
    <ClInclude Include="..\..\src\operator\contrib\ctc_include\contrib\moderngpu\include\device\ctasegscan.cuh">
      <Filter>CUDA\src\operator\contrib\ctc_include\contrib\moderngpu\include\device</Filter>
    </ClInclude>
    <ClInclude Include="..\..\src\operator\contrib\ctc_include\contrib\moderngpu\include\device\ctasegsort.cuh">
      <Filter>CUDA\src\operator\contrib\ctc_include\contrib\moderngpu\include\device</Filter>
    </ClInclude>
    <ClInclude Include="..\..\src\operator\contrib\ctc_include\contrib\moderngpu\include\device\ctasortedsearch.cuh">
      <Filter>CUDA\src\operator\contrib\ctc_include\contrib\moderngpu\include\device</Filter>
    </ClInclude>
    <ClInclude Include="..\..\src\operator\contrib\ctc_include\contrib\moderngpu\include\device\devicetypes.cuh">
      <Filter>CUDA\src\operator\contrib\ctc_include\contrib\moderngpu\include\device</Filter>
    </ClInclude>
    <ClInclude Include="..\..\src\operator\contrib\ctc_include\contrib\moderngpu\include\device\deviceutil.cuh">
      <Filter>CUDA\src\operator\contrib\ctc_include\contrib\moderngpu\include\device</Filter>
    </ClInclude>
    <ClInclude Include="..\..\src\operator\contrib\ctc_include\contrib\moderngpu\include\device\intrinsics.cuh">
      <Filter>CUDA\src\operator\contrib\ctc_include\contrib\moderngpu\include\device</Filter>
    </ClInclude>
    <ClInclude Include="..\..\src\operator\contrib\ctc_include\contrib\moderngpu\include\device\loadstore.cuh">
      <Filter>CUDA\src\operator\contrib\ctc_include\contrib\moderngpu\include\device</Filter>
    </ClInclude>
    <ClInclude Include="..\..\src\operator\contrib\ctc_include\contrib\moderngpu\include\device\serialsets.cuh">
      <Filter>CUDA\src\operator\contrib\ctc_include\contrib\moderngpu\include\device</Filter>
    </ClInclude>
    <ClInclude Include="..\..\src\operator\contrib\ctc_include\contrib\moderngpu\include\device\sortnetwork.cuh">
      <Filter>CUDA\src\operator\contrib\ctc_include\contrib\moderngpu\include\device</Filter>
    </ClInclude>
    <ClInclude Include="..\..\src\operator\contrib\ctc_include\contrib\moderngpu\include\mgpudevice.cuh">
      <Filter>CUDA\src\operator\contrib\ctc_include\contrib\moderngpu\include</Filter>
    </ClInclude>
    <ClInclude Include="..\..\src\operator\contrib\nn\deformable_im2col.cuh">
      <Filter>CUDA\src\operator\contrib\nn</Filter>
    </ClInclude>
    <ClInclude Include="..\..\src\operator\nn\im2col.cuh">
      <Filter>CUDA\src\operator\nn</Filter>
    </ClInclude>
    <ClInclude Include="..\..\src\operator\nn\pool.cuh">
      <Filter>CUDA\src\operator\nn</Filter>
    </ClInclude>
    <ClInclude Include="..\..\src\operator\tensor\util\tensor_util-inl.cuh">
      <Filter>CUDA\src\operator\tensor\util</Filter>
    </ClInclude>
    <ClInclude Include="..\..\src\operator\tensor\broadcast_reduce-inl.cuh">
      <Filter>CUDA\src\operator\tensor</Filter>
    </ClInclude>
    <ClInclude Include="..\..\src\operator\tensor\cast_storage-inl.cuh">
      <Filter>CUDA\src\operator\tensor</Filter>
    </ClInclude>
    <ClInclude Include="..\..\src\operator\tensor\dot-inl.cuh">
      <Filter>CUDA\src\operator\tensor</Filter>
    </ClInclude>
    <ClInclude Include="..\..\src\operator\tensor\indexing_op-inl.cuh">
      <Filter>CUDA\src\operator\tensor</Filter>
    </ClInclude>
    <ClInclude Include="..\..\src\operator\tensor\sort_op-inl.cuh">
      <Filter>CUDA\src\operator\tensor</Filter>
    </ClInclude>
    <ClInclude Include="..\..\include\mxnet\base.h">
      <Filter>Header Files</Filter>
    </ClInclude>
    <ClInclude Include="..\..\include\mxnet\c_api.h">
      <Filter>Header Files</Filter>
    </ClInclude>
    <ClInclude Include="..\..\include\mxnet\c_predict_api.h">
      <Filter>Header Files</Filter>
    </ClInclude>
    <ClInclude Include="..\..\include\mxnet\engine.h">
      <Filter>Header Files</Filter>
    </ClInclude>
    <ClInclude Include="..\..\include\mxnet\executor.h">
      <Filter>Header Files</Filter>
    </ClInclude>
    <ClInclude Include="..\..\include\mxnet\graph_attr_types.h">
      <Filter>Header Files</Filter>
    </ClInclude>
    <ClInclude Include="..\..\include\mxnet\imperative.h">
      <Filter>Header Files</Filter>
    </ClInclude>
    <ClInclude Include="..\..\include\mxnet\io.h">
      <Filter>Header Files</Filter>
    </ClInclude>
    <ClInclude Include="..\..\include\mxnet\kvstore.h">
      <Filter>Header Files</Filter>
    </ClInclude>
    <ClInclude Include="..\..\include\mxnet\ndarray.h">
      <Filter>Header Files</Filter>
    </ClInclude>
    <ClInclude Include="..\..\include\mxnet\op_attr_types.h">
      <Filter>Header Files</Filter>
    </ClInclude>
    <ClInclude Include="..\..\include\mxnet\operator.h">
      <Filter>Header Files</Filter>
    </ClInclude>
    <ClInclude Include="..\..\include\mxnet\operator_util.h">
      <Filter>Header Files</Filter>
    </ClInclude>
    <ClInclude Include="..\..\include\mxnet\resource.h">
      <Filter>Header Files</Filter>
    </ClInclude>
    <ClInclude Include="..\..\include\mxnet\rtc.h">
      <Filter>Header Files</Filter>
    </ClInclude>
    <ClInclude Include="..\..\include\mxnet\storage.h">
      <Filter>Header Files</Filter>
    </ClInclude>
    <ClInclude Include="..\..\include\mxnet\tensor_blob.h">
      <Filter>Header Files</Filter>
    </ClInclude>
    <ClInclude Include="..\..\mshadow\mshadow\base.h">
      <Filter>Include\mshadow\mshadow</Filter>
    </ClInclude>
    <ClInclude Include="..\..\mshadow\mshadow\dot_engine-inl.h">
      <Filter>Include\mshadow\mshadow</Filter>
    </ClInclude>
    <ClInclude Include="..\..\mshadow\mshadow\expr_engine-inl.h">
      <Filter>Include\mshadow\mshadow</Filter>
    </ClInclude>
    <ClInclude Include="..\..\mshadow\mshadow\expr_scalar-inl.h">
      <Filter>Include\mshadow\mshadow</Filter>
    </ClInclude>
    <ClInclude Include="..\..\mshadow\mshadow\expression.h">
      <Filter>Include\mshadow\mshadow</Filter>
    </ClInclude>
    <ClInclude Include="..\..\mshadow\mshadow\extension.h">
      <Filter>Include\mshadow\mshadow</Filter>
    </ClInclude>
    <ClInclude Include="..\..\mshadow\mshadow\half.h">
      <Filter>Include\mshadow\mshadow</Filter>
    </ClInclude>
    <ClInclude Include="..\..\mshadow\mshadow\half2.h">
      <Filter>Include\mshadow\mshadow</Filter>
    </ClInclude>
    <ClInclude Include="..\..\mshadow\mshadow\io.h">
      <Filter>Include\mshadow\mshadow</Filter>
    </ClInclude>
    <ClInclude Include="..\..\mshadow\mshadow\logging.h">
      <Filter>Include\mshadow\mshadow</Filter>
    </ClInclude>
    <ClInclude Include="..\..\mshadow\mshadow\packet-inl.h">
      <Filter>Include\mshadow\mshadow</Filter>
    </ClInclude>
    <ClInclude Include="..\..\mshadow\mshadow\random.h">
      <Filter>Include\mshadow\mshadow</Filter>
    </ClInclude>
    <ClInclude Include="..\..\mshadow\mshadow\stream_gpu-inl.h">
      <Filter>Include\mshadow\mshadow</Filter>
    </ClInclude>
    <ClInclude Include="..\..\mshadow\mshadow\tensor.h">
      <Filter>Include\mshadow\mshadow</Filter>
    </ClInclude>
    <ClInclude Include="..\..\mshadow\mshadow\tensor_container.h">
      <Filter>Include\mshadow\mshadow</Filter>
    </ClInclude>
    <ClInclude Include="..\..\mshadow\mshadow\tensor_cpu-inl.h">
      <Filter>Include\mshadow\mshadow</Filter>
    </ClInclude>
    <ClInclude Include="..\..\mshadow\mshadow\tensor_gpu-inl.h">
      <Filter>Include\mshadow\mshadow</Filter>
    </ClInclude>
    <ClInclude Include="..\..\mshadow\mshadow\extension\broadcast.h">
      <Filter>Include\mshadow\mshadow\extension</Filter>
    </ClInclude>
    <ClInclude Include="..\..\mshadow\mshadow\extension\broadcast_with_axis.h">
      <Filter>Include\mshadow\mshadow\extension</Filter>
    </ClInclude>
    <ClInclude Include="..\..\mshadow\mshadow\extension\channel_pool.h">
      <Filter>Include\mshadow\mshadow\extension</Filter>
    </ClInclude>
    <ClInclude Include="..\..\mshadow\mshadow\extension\channel_unpool.h">
      <Filter>Include\mshadow\mshadow\extension</Filter>
    </ClInclude>
    <ClInclude Include="..\..\mshadow\mshadow\extension\choose.h">
      <Filter>Include\mshadow\mshadow\extension</Filter>
    </ClInclude>
    <ClInclude Include="..\..\mshadow\mshadow\extension\complex.h">
      <Filter>Include\mshadow\mshadow\extension</Filter>
    </ClInclude>
    <ClInclude Include="..\..\mshadow\mshadow\extension\concat.h">
      <Filter>Include\mshadow\mshadow\extension</Filter>
    </ClInclude>
    <ClInclude Include="..\..\mshadow\mshadow\extension\crop.h">
      <Filter>Include\mshadow\mshadow\extension</Filter>
    </ClInclude>
    <ClInclude Include="..\..\mshadow\mshadow\extension\fill.h">
      <Filter>Include\mshadow\mshadow\extension</Filter>
    </ClInclude>
    <ClInclude Include="..\..\mshadow\mshadow\extension\flip.h">
      <Filter>Include\mshadow\mshadow\extension</Filter>
    </ClInclude>
    <ClInclude Include="..\..\mshadow\mshadow\extension\implicit_gemm.h">
      <Filter>Include\mshadow\mshadow\extension</Filter>
    </ClInclude>
    <ClInclude Include="..\..\mshadow\mshadow\extension\mask.h">
      <Filter>Include\mshadow\mshadow\extension</Filter>
    </ClInclude>
    <ClInclude Include="..\..\mshadow\mshadow\extension\mirror.h">
      <Filter>Include\mshadow\mshadow\extension</Filter>
    </ClInclude>
    <ClInclude Include="..\..\mshadow\mshadow\extension\one_hot.h">
      <Filter>Include\mshadow\mshadow\extension</Filter>
    </ClInclude>
    <ClInclude Include="..\..\mshadow\mshadow\extension\pack_col2patch.h">
      <Filter>Include\mshadow\mshadow\extension</Filter>
    </ClInclude>
    <ClInclude Include="..\..\mshadow\mshadow\extension\pad.h">
      <Filter>Include\mshadow\mshadow\extension</Filter>
    </ClInclude>
    <ClInclude Include="..\..\mshadow\mshadow\extension\range.h">
      <Filter>Include\mshadow\mshadow\extension</Filter>
    </ClInclude>
    <ClInclude Include="..\..\mshadow\mshadow\extension\reduce_with_axis.h">
      <Filter>Include\mshadow\mshadow\extension</Filter>
    </ClInclude>
    <ClInclude Include="..\..\mshadow\mshadow\extension\reduceto1d.h">
      <Filter>Include\mshadow\mshadow\extension</Filter>
    </ClInclude>
    <ClInclude Include="..\..\mshadow\mshadow\extension\reshape.h">
      <Filter>Include\mshadow\mshadow\extension</Filter>
    </ClInclude>
    <ClInclude Include="..\..\mshadow\mshadow\extension\slice.h">
      <Filter>Include\mshadow\mshadow\extension</Filter>
    </ClInclude>
    <ClInclude Include="..\..\mshadow\mshadow\extension\slice_ex.h">
      <Filter>Include\mshadow\mshadow\extension</Filter>
    </ClInclude>
    <ClInclude Include="..\..\mshadow\mshadow\extension\spatial_pool.h">
      <Filter>Include\mshadow\mshadow\extension</Filter>
    </ClInclude>
    <ClInclude Include="..\..\mshadow\mshadow\extension\spatial_unpool.h">
      <Filter>Include\mshadow\mshadow\extension</Filter>
    </ClInclude>
    <ClInclude Include="..\..\mshadow\mshadow\extension\spatial_upsampling_nearest.h">
      <Filter>Include\mshadow\mshadow\extension</Filter>
    </ClInclude>
    <ClInclude Include="..\..\mshadow\mshadow\extension\swapaxis.h">
      <Filter>Include\mshadow\mshadow\extension</Filter>
    </ClInclude>
    <ClInclude Include="..\..\mshadow\mshadow\extension\take.h">
      <Filter>Include\mshadow\mshadow\extension</Filter>
    </ClInclude>
    <ClInclude Include="..\..\mshadow\mshadow\extension\take_grad.h">
      <Filter>Include\mshadow\mshadow\extension</Filter>
    </ClInclude>
    <ClInclude Include="..\..\mshadow\mshadow\extension\transpose.h">
      <Filter>Include\mshadow\mshadow\extension</Filter>
    </ClInclude>
    <ClInclude Include="..\..\mshadow\mshadow\extension\unpack_patch2col.h">
      <Filter>Include\mshadow\mshadow\extension</Filter>
    </ClInclude>
    <ClInclude Include="..\..\mshadow\mshadow\packet\plain-inl.h">
      <Filter>Include\mshadow\mshadow\packet</Filter>
    </ClInclude>
    <ClInclude Include="..\..\mshadow\mshadow\packet\sse-inl.h">
      <Filter>Include\mshadow\mshadow\packet</Filter>
    </ClInclude>
    <ClInclude Include="..\..\nnvm\include\nnvm\base.h">
      <Filter>Include\nnvm\include\nnvm</Filter>
    </ClInclude>
    <ClInclude Include="..\..\nnvm\include\nnvm\c_api.h">
      <Filter>Include\nnvm\include\nnvm</Filter>
    </ClInclude>
    <ClInclude Include="..\..\nnvm\include\nnvm\graph.h">
      <Filter>Include\nnvm\include\nnvm</Filter>
    </ClInclude>
    <ClInclude Include="..\..\nnvm\include\nnvm\graph_attr_types.h">
      <Filter>Include\nnvm\include\nnvm</Filter>
    </ClInclude>
    <ClInclude Include="..\..\nnvm\include\nnvm\node.h">
      <Filter>Include\nnvm\include\nnvm</Filter>
    </ClInclude>
    <ClInclude Include="..\..\nnvm\include\nnvm\op.h">
      <Filter>Include\nnvm\include\nnvm</Filter>
    </ClInclude>
    <ClInclude Include="..\..\nnvm\include\nnvm\op_attr_types.h">
      <Filter>Include\nnvm\include\nnvm</Filter>
    </ClInclude>
    <ClInclude Include="..\..\nnvm\include\nnvm\pass.h">
      <Filter>Include\nnvm\include\nnvm</Filter>
    </ClInclude>
    <ClInclude Include="..\..\nnvm\include\nnvm\pass_functions.h">
      <Filter>Include\nnvm\include\nnvm</Filter>
    </ClInclude>
    <ClInclude Include="..\..\nnvm\include\nnvm\symbolic.h">
      <Filter>Include\nnvm\include\nnvm</Filter>
    </ClInclude>
    <ClInclude Include="..\..\nnvm\include\nnvm\tuple.h">
      <Filter>Include\nnvm\include\nnvm</Filter>
    </ClInclude>
    <ClInclude Include="..\..\nnvm\include\nnvm\compiler\contrib_op_param.h">
      <Filter>Include\nnvm\include\nnvm\compiler</Filter>
    </ClInclude>
    <ClInclude Include="..\..\nnvm\include\nnvm\compiler\op_attr_types.h">
      <Filter>Include\nnvm\include\nnvm\compiler</Filter>
    </ClInclude>
    <ClInclude Include="..\..\nnvm\include\nnvm\compiler\packed_func_ext.h">
      <Filter>Include\nnvm\include\nnvm\compiler</Filter>
    </ClInclude>
    <ClInclude Include="..\..\nnvm\include\nnvm\top\nn.h">
      <Filter>Include\nnvm\include\nnvm\top</Filter>
    </ClInclude>
    <ClInclude Include="..\..\nnvm\include\nnvm\top\tensor.h">
      <Filter>Include\nnvm\include\nnvm\top</Filter>
    </ClInclude>
    <ClInclude Include="..\..\nnvm\src\c_api\c_api_common.h">
      <Filter>Include\nnvm\src\c_api</Filter>
    </ClInclude>
    <ClInclude Include="..\..\nnvm\src\pass\graph_algorithm.h">
      <Filter>Include\nnvm\src\pass</Filter>
    </ClInclude>
    <ClInclude Include="..\..\src\c_api\c_api_common.h">
      <Filter>Include\src\c_api</Filter>
    </ClInclude>
    <ClInclude Include="..\..\src\common\cuda_utils.h">
      <Filter>Include\src\common</Filter>
    </ClInclude>
    <ClInclude Include="..\..\src\common\exec_utils.h">
      <Filter>Include\src\common</Filter>
    </ClInclude>
    <ClInclude Include="..\..\src\common\lazy_alloc_array.h">
      <Filter>Include\src\common</Filter>
    </ClInclude>
    <ClInclude Include="..\..\src\common\object_pool.h">
      <Filter>Include\src\common</Filter>
    </ClInclude>
    <ClInclude Include="..\..\src\common\random_generator.h">
      <Filter>Include\src\common</Filter>
    </ClInclude>
    <ClInclude Include="..\..\src\common\static_array.h">
      <Filter>Include\src\common</Filter>
    </ClInclude>
    <ClInclude Include="..\..\src\common\utils.h">
      <Filter>Include\src\common</Filter>
    </ClInclude>
    <ClInclude Include="..\..\src\engine\engine_impl.h">
      <Filter>Include\src\engine</Filter>
    </ClInclude>
    <ClInclude Include="..\..\src\engine\openmp.h">
      <Filter>Include\src\engine</Filter>
    </ClInclude>
    <ClInclude Include="..\..\src\engine\profiler.h">
      <Filter>Include\src\engine</Filter>
    </ClInclude>
    <ClInclude Include="..\..\src\engine\stream_manager.h">
      <Filter>Include\src\engine</Filter>
    </ClInclude>
    <ClInclude Include="..\..\src\engine\thread_pool.h">
      <Filter>Include\src\engine</Filter>
    </ClInclude>
    <ClInclude Include="..\..\src\engine\threaded_engine.h">
      <Filter>Include\src\engine</Filter>
    </ClInclude>
    <ClInclude Include="..\..\src\executor\exec_pass.h">
      <Filter>Include\src\executor</Filter>
    </ClInclude>
    <ClInclude Include="..\..\src\executor\graph_executor.h">
      <Filter>Include\src\executor</Filter>
    </ClInclude>
    <ClInclude Include="..\..\src\imperative\imperative_utils.h">
      <Filter>Include\src\imperative</Filter>
    </ClInclude>
    <ClInclude Include="..\..\src\io\image_augmenter.h">
      <Filter>Include\src\io</Filter>
    </ClInclude>
    <ClInclude Include="..\..\src\io\image_iter_common.h">
      <Filter>Include\src\io</Filter>
    </ClInclude>
    <ClInclude Include="..\..\src\io\image_recordio.h">
      <Filter>Include\src\io</Filter>
    </ClInclude>
    <ClInclude Include="..\..\src\io\inst_vector.h">
      <Filter>Include\src\io</Filter>
    </ClInclude>
    <ClInclude Include="..\..\src\io\iter_batchloader.h">
      <Filter>Include\src\io</Filter>
    </ClInclude>
    <ClInclude Include="..\..\src\io\iter_normalize.h">
      <Filter>Include\src\io</Filter>
    </ClInclude>
    <ClInclude Include="..\..\src\io\iter_prefetcher.h">
      <Filter>Include\src\io</Filter>
    </ClInclude>
    <ClInclude Include="..\..\src\io\iter_sparse.h">
      <Filter>Include\src\io</Filter>
    </ClInclude>
    <ClInclude Include="..\..\src\io\iter_sparse_batchloader.h">
      <Filter>Include\src\io</Filter>
    </ClInclude>
    <ClInclude Include="..\..\src\io\iter_sparse_prefetcher.h">
      <Filter>Include\src\io</Filter>
    </ClInclude>
    <ClInclude Include="..\..\src\ndarray\ndarray_function.h">
      <Filter>Include\src\ndarray</Filter>
    </ClInclude>
    <ClInclude Include="..\..\src\ndarray\ndarray_function-inl.h">
      <Filter>Include\src\ndarray</Filter>
    </ClInclude>
    <ClInclude Include="..\..\src\operator\contrib\bounding_box-inl.h">
      <Filter>Include\src\operator\contrib</Filter>
    </ClInclude>
    <ClInclude Include="..\..\src\operator\contrib\count_sketch-inl.h">
      <Filter>Include\src\operator\contrib</Filter>
    </ClInclude>
    <ClInclude Include="..\..\src\operator\contrib\deformable_convolution-inl.h">
      <Filter>Include\src\operator\contrib</Filter>
    </ClInclude>
    <ClInclude Include="..\..\src\operator\contrib\deformable_psroi_pooling-inl.h">
      <Filter>Include\src\operator\contrib</Filter>
    </ClInclude>
    <ClInclude Include="..\..\src\operator\contrib\dequantize-inl.h">
      <Filter>Include\src\operator\contrib</Filter>
    </ClInclude>
    <ClInclude Include="..\..\src\operator\contrib\fft-inl.h">
      <Filter>Include\src\operator\contrib</Filter>
    </ClInclude>
    <ClInclude Include="..\..\src\operator\contrib\ifft-inl.h">
      <Filter>Include\src\operator\contrib</Filter>
    </ClInclude>
    <ClInclude Include="..\..\src\operator\contrib\krprod.h">
      <Filter>Include\src\operator\contrib</Filter>
    </ClInclude>
    <ClInclude Include="..\..\src\operator\contrib\multi_proposal-inl.h">
      <Filter>Include\src\operator\contrib</Filter>
    </ClInclude>
    <ClInclude Include="..\..\src\operator\contrib\multibox_detection-inl.h">
      <Filter>Include\src\operator\contrib</Filter>
    </ClInclude>
    <ClInclude Include="..\..\src\operator\contrib\multibox_prior-inl.h">
      <Filter>Include\src\operator\contrib</Filter>
    </ClInclude>
    <ClInclude Include="..\..\src\operator\contrib\multibox_target-inl.h">
      <Filter>Include\src\operator\contrib</Filter>
    </ClInclude>
    <ClInclude Include="..\..\src\operator\contrib\proposal-inl.h">
      <Filter>Include\src\operator\contrib</Filter>
    </ClInclude>
    <ClInclude Include="..\..\src\operator\contrib\psroi_pooling-inl.h">
      <Filter>Include\src\operator\contrib</Filter>
    </ClInclude>
    <ClInclude Include="..\..\src\operator\contrib\quantize-inl.h">
      <Filter>Include\src\operator\contrib</Filter>
    </ClInclude>
    <ClInclude Include="..\..\src\operator\contrib\ctc_include\contrib\moderngpu\include\mgpuenums.h">
      <Filter>Include\src\operator\contrib\ctc_include\contrib\moderngpu\include</Filter>
    </ClInclude>
    <ClInclude Include="..\..\src\operator\contrib\ctc_include\contrib\moderngpu\include\util\static.h">
      <Filter>Include\src\operator\contrib\ctc_include\contrib\moderngpu\include\util</Filter>
    </ClInclude>
    <ClInclude Include="..\..\src\operator\contrib\ctc_include\detail\cpu_ctc.h">
      <Filter>Include\src\operator\contrib\ctc_include\detail</Filter>
    </ClInclude>
    <ClInclude Include="..\..\src\operator\contrib\ctc_include\detail\ctc_helper.h">
      <Filter>Include\src\operator\contrib\ctc_include\detail</Filter>
    </ClInclude>
    <ClInclude Include="..\..\src\operator\contrib\ctc_include\detail\gpu_ctc.h">
      <Filter>Include\src\operator\contrib\ctc_include\detail</Filter>
    </ClInclude>
    <ClInclude Include="..\..\src\operator\contrib\ctc_include\detail\gpu_ctc_kernels.h">
      <Filter>Include\src\operator\contrib\ctc_include\detail</Filter>
    </ClInclude>
    <ClInclude Include="..\..\src\operator\contrib\ctc_include\detail\hostdevice.h">
      <Filter>Include\src\operator\contrib\ctc_include\detail</Filter>
    </ClInclude>
    <ClInclude Include="..\..\src\operator\contrib\nn\deformable_im2col.h">
      <Filter>Include\src\operator\contrib\nn</Filter>
    </ClInclude>
    <ClInclude Include="..\..\src\operator\custom\custom-inl.h">
      <Filter>Include\src\operator\custom</Filter>
    </ClInclude>
    <ClInclude Include="..\..\src\operator\custom\native_op-inl.h">
      <Filter>Include\src\operator\custom</Filter>
    </ClInclude>
    <ClInclude Include="..\..\src\operator\custom\ndarray_op-inl.h">
      <Filter>Include\src\operator\custom</Filter>
    </ClInclude>
    <ClInclude Include="..\..\src\operator\image\image_random-inl.h">
      <Filter>Include\src\operator\image</Filter>
    </ClInclude>
    <ClInclude Include="..\..\src\operator\nn\cudnn\cudnn_activation-inl.h">
      <Filter>Include\src\operator\nn\cudnn</Filter>
    </ClInclude>
    <ClInclude Include="..\..\src\operator\nn\cudnn\cudnn_algoreg-inl.h">
      <Filter>Include\src\operator\nn\cudnn</Filter>
    </ClInclude>
    <ClInclude Include="..\..\src\operator\nn\cudnn\cudnn_batch_norm-inl.h">
      <Filter>Include\src\operator\nn\cudnn</Filter>
    </ClInclude>
    <ClInclude Include="..\..\src\operator\nn\cudnn\cudnn_convolution-inl.h">
      <Filter>Include\src\operator\nn\cudnn</Filter>
    </ClInclude>
    <ClInclude Include="..\..\src\operator\nn\cudnn\cudnn_deconvolution-inl.h">
      <Filter>Include\src\operator\nn\cudnn</Filter>
    </ClInclude>
    <ClInclude Include="..\..\src\operator\nn\cudnn\cudnn_pooling-inl.h">
      <Filter>Include\src\operator\nn\cudnn</Filter>
    </ClInclude>
    <ClInclude Include="..\..\src\operator\nn\cudnn\cudnn_softmax_activation-inl.h">
      <Filter>Include\src\operator\nn\cudnn</Filter>
    </ClInclude>
    <ClInclude Include="..\..\src\operator\nn\activation-inl.h">
      <Filter>Include\src\operator\nn</Filter>
    </ClInclude>
    <ClInclude Include="..\..\src\operator\nn\batch_norm-inl.h">
      <Filter>Include\src\operator\nn</Filter>
    </ClInclude>
    <ClInclude Include="..\..\src\operator\nn\concat-inl.h">
      <Filter>Include\src\operator\nn</Filter>
    </ClInclude>
    <ClInclude Include="..\..\src\operator\nn\convolution-inl.h">
      <Filter>Include\src\operator\nn</Filter>
    </ClInclude>
    <ClInclude Include="..\..\src\operator\nn\deconvolution-inl.h">
      <Filter>Include\src\operator\nn</Filter>
    </ClInclude>
    <ClInclude Include="..\..\src\operator\nn\dropout-inl.h">
      <Filter>Include\src\operator\nn</Filter>
    </ClInclude>
    <ClInclude Include="..\..\src\operator\nn\fully_connected-inl.h">
      <Filter>Include\src\operator\nn</Filter>
    </ClInclude>
    <ClInclude Include="..\..\src\operator\nn\im2col.h">
      <Filter>Include\src\operator\nn</Filter>
    </ClInclude>
    <ClInclude Include="..\..\src\operator\nn\lrn-inl.h">
      <Filter>Include\src\operator\nn</Filter>
    </ClInclude>
    <ClInclude Include="..\..\src\operator\nn\pool.h">
      <Filter>Include\src\operator\nn</Filter>
    </ClInclude>
    <ClInclude Include="..\..\src\operator\nn\pooling-inl.h">
      <Filter>Include\src\operator\nn</Filter>
    </ClInclude>
    <ClInclude Include="..\..\src\operator\nn\sequence_mask-inl.h">
      <Filter>Include\src\operator\nn</Filter>
    </ClInclude>
    <ClInclude Include="..\..\src\operator\nn\softmax_activation-inl.h">
      <Filter>Include\src\operator\nn</Filter>
    </ClInclude>
    <ClInclude Include="..\..\src\operator\nn\softmax-inl.h">
      <Filter>Include\src\operator\nn</Filter>
    </ClInclude>
    <ClInclude Include="..\..\src\operator\nn\upsampling-inl.h">
      <Filter>Include\src\operator\nn</Filter>
    </ClInclude>
    <ClInclude Include="..\..\src\operator\random\multisample_op.h">
      <Filter>Include\src\operator\random</Filter>
    </ClInclude>
    <ClInclude Include="..\..\src\operator\random\sample_multinomial_op.h">
      <Filter>Include\src\operator\random</Filter>
    </ClInclude>
    <ClInclude Include="..\..\src\operator\random\sample_op.h">
      <Filter>Include\src\operator\random</Filter>
    </ClInclude>
    <ClInclude Include="..\..\src\operator\random\sampler.h">
      <Filter>Include\src\operator\random</Filter>
    </ClInclude>
    <ClInclude Include="..\..\src\operator\tensor\broadcast_reduce_op.h">
      <Filter>Include\src\operator\tensor</Filter>
    </ClInclude>
    <ClInclude Include="..\..\src\operator\tensor\broadcast_reduce-inl.h">
      <Filter>Include\src\operator\tensor</Filter>
    </ClInclude>
    <ClInclude Include="..\..\src\operator\tensor\cast_storage-inl.h">
      <Filter>Include\src\operator\tensor</Filter>
    </ClInclude>
    <ClInclude Include="..\..\src\operator\tensor\control_flow_op.h">
      <Filter>Include\src\operator\tensor</Filter>
    </ClInclude>
    <ClInclude Include="..\..\src\operator\tensor\dot-inl.h">
      <Filter>Include\src\operator\tensor</Filter>
    </ClInclude>
    <ClInclude Include="..\..\src\operator\tensor\elemwise_binary_broadcast_op.h">
      <Filter>Include\src\operator\tensor</Filter>
    </ClInclude>
    <ClInclude Include="..\..\src\operator\tensor\elemwise_binary_op.h">
      <Filter>Include\src\operator\tensor</Filter>
    </ClInclude>
    <ClInclude Include="..\..\src\operator\tensor\elemwise_binary_op-inl.h">
      <Filter>Include\src\operator\tensor</Filter>
    </ClInclude>
    <ClInclude Include="..\..\src\operator\tensor\elemwise_binary_scalar_op.h">
      <Filter>Include\src\operator\tensor</Filter>
    </ClInclude>
    <ClInclude Include="..\..\src\operator\tensor\elemwise_scatter_op.h">
      <Filter>Include\src\operator\tensor</Filter>
    </ClInclude>
    <ClInclude Include="..\..\src\operator\tensor\elemwise_sum.h">
      <Filter>Include\src\operator\tensor</Filter>
    </ClInclude>
    <ClInclude Include="..\..\src\operator\tensor\elemwise_unary_op.h">
      <Filter>Include\src\operator\tensor</Filter>
    </ClInclude>
    <ClInclude Include="..\..\src\operator\tensor\indexing_op.h">
      <Filter>Include\src\operator\tensor</Filter>
    </ClInclude>
    <ClInclude Include="..\..\src\operator\tensor\init_op.h">
      <Filter>Include\src\operator\tensor</Filter>
    </ClInclude>
    <ClInclude Include="..\..\src\operator\tensor\la_op.h">
      <Filter>Include\src\operator\tensor</Filter>
    </ClInclude>
    <ClInclude Include="..\..\src\operator\tensor\la_op_inline.h">
      <Filter>Include\src\operator\tensor</Filter>
    </ClInclude>
    <ClInclude Include="..\..\src\operator\tensor\matrix_op-inl.h">
      <Filter>Include\src\operator\tensor</Filter>
    </ClInclude>
    <ClInclude Include="..\..\src\operator\tensor\ordering_op-inl.h">
      <Filter>Include\src\operator\tensor</Filter>
    </ClInclude>
    <ClInclude Include="..\..\src\operator\tensor\sort_op.h">
      <Filter>Include\src\operator\tensor</Filter>
    </ClInclude>
    <ClInclude Include="..\..\src\operator\tensor\sparse_retain-inl.h">
      <Filter>Include\src\operator\tensor</Filter>
    </ClInclude>
    <ClInclude Include="..\..\src\operator\tensor\square_sum-inl.h">
      <Filter>Include\src\operator\tensor</Filter>
    </ClInclude>
    <ClInclude Include="..\..\src\operator\tensor\util\tensor_util-inl.h">
      <Filter>Include\src\operator\tensor\util</Filter>
    </ClInclude>
    <ClInclude Include="..\..\src\operator\batch_norm_v1-inl.h">
      <Filter>Include\src\operator</Filter>
    </ClInclude>
    <ClInclude Include="..\..\src\operator\bilinear_sampler-inl.h">
      <Filter>Include\src\operator</Filter>
    </ClInclude>
    <ClInclude Include="..\..\src\operator\c_lapack_api.h">
      <Filter>Include\src\operator</Filter>
    </ClInclude>
    <ClInclude Include="..\..\src\operator\channel_op_common.h">
      <Filter>Include\src\operator</Filter>
    </ClInclude>
    <ClInclude Include="..\..\src\operator\convolution_v1-inl.h">
      <Filter>Include\src\operator</Filter>
    </ClInclude>
    <ClInclude Include="..\..\src\operator\correlation-inl.h">
      <Filter>Include\src\operator</Filter>
    </ClInclude>
    <ClInclude Include="..\..\src\operator\crop-inl.h">
      <Filter>Include\src\operator</Filter>
    </ClInclude>
    <ClInclude Include="..\..\src\operator\cudnn_bilinear_sampler-inl.h">
      <Filter>Include\src\operator</Filter>
    </ClInclude>
    <ClInclude Include="..\..\src\operator\cudnn_lrn-inl.h">
      <Filter>Include\src\operator</Filter>
    </ClInclude>
    <ClInclude Include="..\..\src\operator\cudnn_rnn-inl.h">
      <Filter>Include\src\operator</Filter>
    </ClInclude>
    <ClInclude Include="..\..\src\operator\cudnn_spatial_transformer-inl.h">
      <Filter>Include\src\operator</Filter>
    </ClInclude>
    <ClInclude Include="..\..\src\operator\elemwise_op_common.h">
      <Filter>Include\src\operator</Filter>
    </ClInclude>
    <ClInclude Include="..\..\src\operator\grid_generator-inl.h">
      <Filter>Include\src\operator</Filter>
    </ClInclude>
    <ClInclude Include="..\..\src\operator\identity_attach_KL_sparse_reg-inl.h">
      <Filter>Include\src\operator</Filter>
    </ClInclude>
    <ClInclude Include="..\..\src\operator\instance_norm-inl.h">
      <Filter>Include\src\operator</Filter>
    </ClInclude>
    <ClInclude Include="..\..\src\operator\l2_normalization-inl.h">
      <Filter>Include\src\operator</Filter>
    </ClInclude>
    <ClInclude Include="..\..\src\operator\leaky_relu-inl.h">
      <Filter>Include\src\operator</Filter>
    </ClInclude>
    <ClInclude Include="..\..\src\operator\linalg.h">
      <Filter>Include\src\operator</Filter>
    </ClInclude>
    <ClInclude Include="..\..\src\operator\linalg_impl.h">
      <Filter>Include\src\operator</Filter>
    </ClInclude>
    <ClInclude Include="..\..\src\operator\math_functions-inl.h">
      <Filter>Include\src\operator</Filter>
    </ClInclude>
    <ClInclude Include="..\..\src\operator\mshadow_op.h">
      <Filter>Include\src\operator</Filter>
    </ClInclude>
    <ClInclude Include="..\..\src\operator\mxnet_op.h">
      <Filter>Include\src\operator</Filter>
    </ClInclude>
    <ClInclude Include="..\..\src\operator\operator_common.h">
      <Filter>Include\src\operator</Filter>
    </ClInclude>
    <ClInclude Include="..\..\src\operator\operator_tune.h">
      <Filter>Include\src\operator</Filter>
    </ClInclude>
    <ClInclude Include="..\..\src\operator\operator_tune-inl.h">
      <Filter>Include\src\operator</Filter>
    </ClInclude>
    <ClInclude Include="..\..\src\operator\pad-inl.h">
      <Filter>Include\src\operator</Filter>
    </ClInclude>
    <ClInclude Include="..\..\src\operator\pooling_v1-inl.h">
      <Filter>Include\src\operator</Filter>
    </ClInclude>
    <ClInclude Include="..\..\src\operator\rnn-inl.h">
      <Filter>Include\src\operator</Filter>
    </ClInclude>
    <ClInclude Include="..\..\src\operator\roi_pooling-inl.h">
      <Filter>Include\src\operator</Filter>
    </ClInclude>
    <ClInclude Include="..\..\src\operator\sequence_last-inl.h">
      <Filter>Include\src\operator</Filter>
    </ClInclude>
    <ClInclude Include="..\..\src\operator\sequence_mask-inl.h">
      <Filter>Include\src\operator</Filter>
    </ClInclude>
    <ClInclude Include="..\..\src\operator\sequence_op_common.h">
      <Filter>Include\src\operator</Filter>
    </ClInclude>
    <ClInclude Include="..\..\src\operator\sequence_reverse-inl.h">
      <Filter>Include\src\operator</Filter>
    </ClInclude>
    <ClInclude Include="..\..\src\operator\slice_channel-inl.h">
      <Filter>Include\src\operator</Filter>
    </ClInclude>
    <ClInclude Include="..\..\src\operator\softmax_output-inl.h">
      <Filter>Include\src\operator</Filter>
    </ClInclude>
    <ClInclude Include="..\..\src\operator\spatial_transformer-inl.h">
      <Filter>Include\src\operator</Filter>
    </ClInclude>
    <ClInclude Include="..\..\src\operator\special_functions-inl.h">
      <Filter>Include\src\operator</Filter>
    </ClInclude>
    <ClInclude Include="..\..\src\operator\svm_output-inl.h">
      <Filter>Include\src\operator</Filter>
    </ClInclude>
    <ClInclude Include="..\..\src\operator\swapaxis-inl.h">
      <Filter>Include\src\operator</Filter>
    </ClInclude>
    <ClInclude Include="..\..\src\storage\cpu_device_storage.h">
      <Filter>Include\src\storage</Filter>
    </ClInclude>
    <ClInclude Include="..\..\src\storage\cpu_shared_storage_manager.h">
      <Filter>Include\src\storage</Filter>
    </ClInclude>
    <ClInclude Include="..\..\src\storage\gpu_device_storage.h">
      <Filter>Include\src\storage</Filter>
    </ClInclude>
    <ClInclude Include="..\..\src\storage\naive_storage_manager.h">
      <Filter>Include\src\storage</Filter>
    </ClInclude>
    <ClInclude Include="..\..\src\storage\pinned_memory_storage.h">
      <Filter>Include\src\storage</Filter>
    </ClInclude>
    <ClInclude Include="..\..\src\storage\pooled_storage_manager.h">
      <Filter>Include\src\storage</Filter>
    </ClInclude>
    <ClInclude Include="..\..\src\storage\storage_manager.h">
      <Filter>Include\src\storage</Filter>
    </ClInclude>
    <ClInclude Include="..\..\src\operator\nn\depthwise_convolution-inl.h">
      <Filter>Include\src\operator\nn</Filter>
    </ClInclude>
    <ClInclude Include="..\..\src\operator\nn\depthwise_convolution_tf.cuh">
      <Filter>CUDA\src\operator\nn</Filter>
    </ClInclude>
  </ItemGroup>
  <ItemGroup>
    <CudaCompile Include="..\..\src\common\random_generator.cu">
      <Filter>CUDA\src\common</Filter>
    </CudaCompile>
    <CudaCompile Include="..\..\src\common\utils.cu">
      <Filter>CUDA\src\common</Filter>
    </CudaCompile>
    <CudaCompile Include="..\..\src\ndarray\ndarray_function.cu">
      <Filter>CUDA\src\ndarray</Filter>
    </CudaCompile>
    <CudaCompile Include="..\..\src\operator\contrib\bounding_box.cu">
      <Filter>CUDA\src\operator\contrib</Filter>
    </CudaCompile>
    <CudaCompile Include="..\..\src\operator\contrib\count_sketch.cu">
      <Filter>CUDA\src\operator\contrib</Filter>
    </CudaCompile>
    <CudaCompile Include="..\..\src\operator\contrib\deformable_convolution.cu">
      <Filter>CUDA\src\operator\contrib</Filter>
    </CudaCompile>
    <CudaCompile Include="..\..\src\operator\contrib\deformable_psroi_pooling.cu">
      <Filter>CUDA\src\operator\contrib</Filter>
    </CudaCompile>
    <CudaCompile Include="..\..\src\operator\contrib\dequantize.cu">
      <Filter>CUDA\src\operator\contrib</Filter>
    </CudaCompile>
    <CudaCompile Include="..\..\src\operator\contrib\fft.cu">
      <Filter>CUDA\src\operator\contrib</Filter>
    </CudaCompile>
    <CudaCompile Include="..\..\src\operator\contrib\ifft.cu">
      <Filter>CUDA\src\operator\contrib</Filter>
    </CudaCompile>
    <CudaCompile Include="..\..\src\operator\contrib\multi_proposal.cu">
      <Filter>CUDA\src\operator\contrib</Filter>
    </CudaCompile>
    <CudaCompile Include="..\..\src\operator\contrib\multibox_detection.cu">
      <Filter>CUDA\src\operator\contrib</Filter>
    </CudaCompile>
    <CudaCompile Include="..\..\src\operator\contrib\multibox_prior.cu">
      <Filter>CUDA\src\operator\contrib</Filter>
    </CudaCompile>
    <CudaCompile Include="..\..\src\operator\contrib\multibox_target.cu">
      <Filter>CUDA\src\operator\contrib</Filter>
    </CudaCompile>
    <CudaCompile Include="..\..\src\operator\contrib\proposal.cu">
      <Filter>CUDA\src\operator\contrib</Filter>
    </CudaCompile>
    <CudaCompile Include="..\..\src\operator\contrib\psroi_pooling.cu">
      <Filter>CUDA\src\operator\contrib</Filter>
    </CudaCompile>
    <CudaCompile Include="..\..\src\operator\contrib\quantize.cu">
      <Filter>CUDA\src\operator\contrib</Filter>
    </CudaCompile>
    <CudaCompile Include="..\..\src\operator\custom\native_op.cu">
      <Filter>CUDA\src\operator\custom</Filter>
    </CudaCompile>
    <CudaCompile Include="..\..\src\operator\nn\cudnn\cudnn_batch_norm.cu">
      <Filter>CUDA\src\operator\nn\cudnn</Filter>
    </CudaCompile>
    <CudaCompile Include="..\..\src\operator\nn\activation.cu">
      <Filter>CUDA\src\operator\nn</Filter>
    </CudaCompile>
    <CudaCompile Include="..\..\src\operator\nn\batch_norm.cu">
      <Filter>CUDA\src\operator\nn</Filter>
    </CudaCompile>
    <CudaCompile Include="..\..\src\operator\nn\concat.cu">
      <Filter>CUDA\src\operator\nn</Filter>
    </CudaCompile>
    <CudaCompile Include="..\..\src\operator\nn\convolution.cu">
      <Filter>CUDA\src\operator\nn</Filter>
    </CudaCompile>
    <CudaCompile Include="..\..\src\operator\nn\deconvolution.cu">
      <Filter>CUDA\src\operator\nn</Filter>
    </CudaCompile>
    <CudaCompile Include="..\..\src\operator\nn\dropout.cu">
      <Filter>CUDA\src\operator\nn</Filter>
    </CudaCompile>
    <CudaCompile Include="..\..\src\operator\nn\fully_connected.cu">
      <Filter>CUDA\src\operator\nn</Filter>
    </CudaCompile>
    <CudaCompile Include="..\..\src\operator\nn\lrn.cu">
      <Filter>CUDA\src\operator\nn</Filter>
    </CudaCompile>
    <CudaCompile Include="..\..\src\operator\nn\pooling.cu">
      <Filter>CUDA\src\operator\nn</Filter>
    </CudaCompile>
    <CudaCompile Include="..\..\src\operator\nn\softmax.cu">
      <Filter>CUDA\src\operator\nn</Filter>
    </CudaCompile>
    <CudaCompile Include="..\..\src\operator\nn\softmax_activation.cu">
      <Filter>CUDA\src\operator\nn</Filter>
    </CudaCompile>
    <CudaCompile Include="..\..\src\operator\nn\upsampling.cu">
      <Filter>CUDA\src\operator\nn</Filter>
    </CudaCompile>
    <CudaCompile Include="..\..\src\operator\random\multisample_op.cu">
      <Filter>CUDA\src\operator\random</Filter>
    </CudaCompile>
    <CudaCompile Include="..\..\src\operator\random\sample_multinomial_op.cu">
      <Filter>CUDA\src\operator\random</Filter>
    </CudaCompile>
    <CudaCompile Include="..\..\src\operator\random\sample_op.cu">
      <Filter>CUDA\src\operator\random</Filter>
    </CudaCompile>
    <CudaCompile Include="..\..\src\operator\tensor\broadcast_reduce_op_index.cu">
      <Filter>CUDA\src\operator\tensor</Filter>
    </CudaCompile>
    <CudaCompile Include="..\..\src\operator\tensor\broadcast_reduce_op_value.cu">
      <Filter>CUDA\src\operator\tensor</Filter>
    </CudaCompile>
    <CudaCompile Include="..\..\src\operator\tensor\cast_storage.cu">
      <Filter>CUDA\src\operator\tensor</Filter>
    </CudaCompile>
    <CudaCompile Include="..\..\src\operator\tensor\control_flow_op.cu">
      <Filter>CUDA\src\operator\tensor</Filter>
    </CudaCompile>
    <CudaCompile Include="..\..\src\operator\tensor\dot.cu">
      <Filter>CUDA\src\operator\tensor</Filter>
    </CudaCompile>
    <CudaCompile Include="..\..\src\operator\tensor\elemwise_binary_broadcast_op_basic.cu">
      <Filter>CUDA\src\operator\tensor</Filter>
    </CudaCompile>
    <CudaCompile Include="..\..\src\operator\tensor\elemwise_binary_broadcast_op_extended.cu">
      <Filter>CUDA\src\operator\tensor</Filter>
    </CudaCompile>
    <CudaCompile Include="..\..\src\operator\tensor\elemwise_binary_broadcast_op_logic.cu">
      <Filter>CUDA\src\operator\tensor</Filter>
    </CudaCompile>
    <CudaCompile Include="..\..\src\operator\tensor\elemwise_binary_op_basic.cu">
      <Filter>CUDA\src\operator\tensor</Filter>
    </CudaCompile>
    <CudaCompile Include="..\..\src\operator\tensor\elemwise_binary_op_extended.cu">
      <Filter>CUDA\src\operator\tensor</Filter>
    </CudaCompile>
    <CudaCompile Include="..\..\src\operator\tensor\elemwise_binary_op_logic.cu">
      <Filter>CUDA\src\operator\tensor</Filter>
    </CudaCompile>
    <CudaCompile Include="..\..\src\operator\tensor\elemwise_binary_scalar_op_basic.cu">
      <Filter>CUDA\src\operator\tensor</Filter>
    </CudaCompile>
    <CudaCompile Include="..\..\src\operator\tensor\elemwise_binary_scalar_op_extended.cu">
      <Filter>CUDA\src\operator\tensor</Filter>
    </CudaCompile>
    <CudaCompile Include="..\..\src\operator\tensor\elemwise_binary_scalar_op_logic.cu">
      <Filter>CUDA\src\operator\tensor</Filter>
    </CudaCompile>
    <CudaCompile Include="..\..\src\operator\tensor\elemwise_scatter_op.cu">
      <Filter>CUDA\src\operator\tensor</Filter>
    </CudaCompile>
    <CudaCompile Include="..\..\src\operator\tensor\elemwise_sum.cu">
      <Filter>CUDA\src\operator\tensor</Filter>
    </CudaCompile>
    <CudaCompile Include="..\..\src\operator\tensor\elemwise_unary_op_basic.cu">
      <Filter>CUDA\src\operator\tensor</Filter>
    </CudaCompile>
    <CudaCompile Include="..\..\src\operator\tensor\elemwise_unary_op_trig.cu">
      <Filter>CUDA\src\operator\tensor</Filter>
    </CudaCompile>
    <CudaCompile Include="..\..\src\operator\tensor\indexing_op.cu">
      <Filter>CUDA\src\operator\tensor</Filter>
    </CudaCompile>
    <CudaCompile Include="..\..\src\operator\tensor\init_op.cu">
      <Filter>CUDA\src\operator\tensor</Filter>
    </CudaCompile>
    <CudaCompile Include="..\..\src\operator\tensor\la_op.cu">
      <Filter>CUDA\src\operator\tensor</Filter>
    </CudaCompile>
    <CudaCompile Include="..\..\src\operator\tensor\matrix_op.cu">
      <Filter>CUDA\src\operator\tensor</Filter>
    </CudaCompile>
    <CudaCompile Include="..\..\src\operator\tensor\ordering_op.cu">
      <Filter>CUDA\src\operator\tensor</Filter>
    </CudaCompile>
    <CudaCompile Include="..\..\src\operator\tensor\sparse_retain.cu">
      <Filter>CUDA\src\operator\tensor</Filter>
    </CudaCompile>
    <CudaCompile Include="..\..\src\operator\tensor\square_sum.cu">
      <Filter>CUDA\src\operator\tensor</Filter>
    </CudaCompile>
    <CudaCompile Include="..\..\src\operator\batch_norm_v1.cu">
      <Filter>CUDA\src\operator</Filter>
    </CudaCompile>
    <CudaCompile Include="..\..\src\operator\bilinear_sampler.cu">
      <Filter>CUDA\src\operator</Filter>
    </CudaCompile>
    <CudaCompile Include="..\..\src\operator\convolution_v1.cu">
      <Filter>CUDA\src\operator</Filter>
    </CudaCompile>
    <CudaCompile Include="..\..\src\operator\correlation.cu">
      <Filter>CUDA\src\operator</Filter>
    </CudaCompile>
    <CudaCompile Include="..\..\src\operator\crop.cu">
      <Filter>CUDA\src\operator</Filter>
    </CudaCompile>
    <CudaCompile Include="..\..\src\operator\grid_generator.cu">
      <Filter>CUDA\src\operator</Filter>
    </CudaCompile>
    <CudaCompile Include="..\..\src\operator\identity_attach_KL_sparse_reg.cu">
      <Filter>CUDA\src\operator</Filter>
    </CudaCompile>
    <CudaCompile Include="..\..\src\operator\instance_norm.cu">
      <Filter>CUDA\src\operator</Filter>
    </CudaCompile>
    <CudaCompile Include="..\..\src\operator\l2_normalization.cu">
      <Filter>CUDA\src\operator</Filter>
    </CudaCompile>
    <CudaCompile Include="..\..\src\operator\leaky_relu.cu">
      <Filter>CUDA\src\operator</Filter>
    </CudaCompile>
    <CudaCompile Include="..\..\src\operator\pad.cu">
      <Filter>CUDA\src\operator</Filter>
    </CudaCompile>
    <CudaCompile Include="..\..\src\operator\pooling_v1.cu">
      <Filter>CUDA\src\operator</Filter>
    </CudaCompile>
    <CudaCompile Include="..\..\src\operator\rnn.cu">
      <Filter>CUDA\src\operator</Filter>
    </CudaCompile>
    <CudaCompile Include="..\..\src\operator\roi_pooling.cu">
      <Filter>CUDA\src\operator</Filter>
    </CudaCompile>
    <CudaCompile Include="..\..\src\operator\sequence_last.cu">
      <Filter>CUDA\src\operator</Filter>
    </CudaCompile>
    <CudaCompile Include="..\..\src\operator\sequence_mask.cu">
      <Filter>CUDA\src\operator</Filter>
    </CudaCompile>
    <CudaCompile Include="..\..\src\operator\sequence_reverse.cu">
      <Filter>CUDA\src\operator</Filter>
    </CudaCompile>
    <CudaCompile Include="..\..\src\operator\slice_channel.cu">
      <Filter>CUDA\src\operator</Filter>
    </CudaCompile>
    <CudaCompile Include="..\..\src\operator\softmax_output.cu">
      <Filter>CUDA\src\operator</Filter>
    </CudaCompile>
    <CudaCompile Include="..\..\src\operator\spatial_transformer.cu">
      <Filter>CUDA\src\operator</Filter>
    </CudaCompile>
    <CudaCompile Include="..\..\src\operator\svm_output.cu">
      <Filter>CUDA\src\operator</Filter>
    </CudaCompile>
    <CudaCompile Include="..\..\src\operator\swapaxis.cu">
      <Filter>CUDA\src\operator</Filter>
    </CudaCompile>
  </ItemGroup>
  <ItemGroup>
    <ClCompile Include="..\..\nnvm\src\c_api\c_api_error.cc">
      <Filter>Source\nnvm\src\c_api</Filter>
    </ClCompile>
    <ClCompile Include="..\..\nnvm\src\c_api\c_api_graph.cc">
      <Filter>Source\nnvm\src\c_api</Filter>
    </ClCompile>
    <ClCompile Include="..\..\nnvm\src\c_api\c_api_symbolic.cc">
      <Filter>Source\nnvm\src\c_api</Filter>
    </ClCompile>
    <ClCompile Include="..\..\nnvm\src\core\graph.cc">
      <Filter>Source\nnvm\src\core</Filter>
    </ClCompile>
    <ClCompile Include="..\..\nnvm\src\core\node.cc">
      <Filter>Source\nnvm\src\core</Filter>
    </ClCompile>
    <ClCompile Include="..\..\nnvm\src\core\op.cc">
      <Filter>Source\nnvm\src\core</Filter>
    </ClCompile>
    <ClCompile Include="..\..\nnvm\src\core\pass.cc">
      <Filter>Source\nnvm\src\core</Filter>
    </ClCompile>
    <ClCompile Include="..\..\nnvm\src\core\symbolic.cc">
      <Filter>Source\nnvm\src\core</Filter>
    </ClCompile>
    <ClCompile Include="..\..\nnvm\src\pass\gradient.cc">
      <Filter>Source\nnvm\src\pass</Filter>
    </ClCompile>
    <ClCompile Include="..\..\nnvm\src\pass\infer_shape_type.cc">
      <Filter>Source\nnvm\src\pass</Filter>
    </ClCompile>
    <ClCompile Include="..\..\nnvm\src\pass\order_mutation.cc">
      <Filter>Source\nnvm\src\pass</Filter>
    </ClCompile>
    <ClCompile Include="..\..\nnvm\src\pass\place_device.cc">
      <Filter>Source\nnvm\src\pass</Filter>
    </ClCompile>
    <ClCompile Include="..\..\nnvm\src\pass\plan_memory.cc">
      <Filter>Source\nnvm\src\pass</Filter>
    </ClCompile>
    <ClCompile Include="..\..\nnvm\src\pass\print_graph_ir.cc">
      <Filter>Source\nnvm\src\pass</Filter>
    </ClCompile>
    <ClCompile Include="..\..\nnvm\src\pass\saveload_json.cc">
      <Filter>Source\nnvm\src\pass</Filter>
    </ClCompile>
    <ClCompile Include="..\..\src\c_api\c_api.cc">
      <Filter>Source\src\c_api</Filter>
    </ClCompile>
    <ClCompile Include="..\..\src\c_api\c_api_error.cc">
      <Filter>Source\src\c_api</Filter>
    </ClCompile>
    <ClCompile Include="..\..\src\c_api\c_api_executor.cc">
      <Filter>Source\src\c_api</Filter>
    </ClCompile>
    <ClCompile Include="..\..\src\c_api\c_api_function.cc">
      <Filter>Source\src\c_api</Filter>
    </ClCompile>
    <ClCompile Include="..\..\src\c_api\c_api_ndarray.cc">
      <Filter>Source\src\c_api</Filter>
    </ClCompile>
    <ClCompile Include="..\..\src\c_api\c_api_symbolic.cc">
      <Filter>Source\src\c_api</Filter>
    </ClCompile>
    <ClCompile Include="..\..\src\c_api\c_predict_api.cc">
      <Filter>Source\src\c_api</Filter>
    </ClCompile>
    <ClCompile Include="..\..\src\common\rtc.cc">
      <Filter>Source\src\common</Filter>
    </ClCompile>
    <ClCompile Include="..\..\src\common\utils.cc">
      <Filter>Source\src\common</Filter>
    </ClCompile>
    <ClCompile Include="..\..\src\engine\engine.cc">
      <Filter>Source\src\engine</Filter>
    </ClCompile>
    <ClCompile Include="..\..\src\engine\naive_engine.cc">
      <Filter>Source\src\engine</Filter>
    </ClCompile>
    <ClCompile Include="..\..\src\engine\openmp.cc">
      <Filter>Source\src\engine</Filter>
    </ClCompile>
    <ClCompile Include="..\..\src\engine\profiler.cc">
      <Filter>Source\src\engine</Filter>
    </ClCompile>
    <ClCompile Include="..\..\src\engine\threaded_engine.cc">
      <Filter>Source\src\engine</Filter>
    </ClCompile>
    <ClCompile Include="..\..\src\engine\threaded_engine_perdevice.cc">
      <Filter>Source\src\engine</Filter>
    </ClCompile>
    <ClCompile Include="..\..\src\engine\threaded_engine_pooled.cc">
      <Filter>Source\src\engine</Filter>
    </ClCompile>
    <ClCompile Include="..\..\src\executor\attach_op_execs_pass.cc">
      <Filter>Source\src\executor</Filter>
    </ClCompile>
    <ClCompile Include="..\..\src\executor\attach_op_resource_pass.cc">
      <Filter>Source\src\executor</Filter>
    </ClCompile>
    <ClCompile Include="..\..\src\executor\graph_executor.cc">
      <Filter>Source\src\executor</Filter>
    </ClCompile>
    <ClCompile Include="..\..\src\executor\infer_graph_attr_pass.cc">
      <Filter>Source\src\executor</Filter>
    </ClCompile>
    <ClCompile Include="..\..\src\executor\inplace_addto_detect_pass.cc">
      <Filter>Source\src\executor</Filter>
    </ClCompile>
    <ClCompile Include="..\..\src\imperative\cached_op.cc">
      <Filter>Source\src\imperative</Filter>
    </ClCompile>
    <ClCompile Include="..\..\src\imperative\imperative.cc">
      <Filter>Source\src\imperative</Filter>
    </ClCompile>
    <ClCompile Include="..\..\src\io\image_aug_default.cc">
      <Filter>Source\src\io</Filter>
    </ClCompile>
    <ClCompile Include="..\..\src\io\image_det_aug_default.cc">
      <Filter>Source\src\io</Filter>
    </ClCompile>
    <ClCompile Include="..\..\src\io\image_io.cc">
      <Filter>Source\src\io</Filter>
    </ClCompile>
    <ClCompile Include="..\..\src\io\io.cc">
      <Filter>Source\src\io</Filter>
    </ClCompile>
    <ClCompile Include="..\..\src\io\iter_csv.cc">
      <Filter>Source\src\io</Filter>
    </ClCompile>
    <ClCompile Include="..\..\src\io\iter_image_det_recordio.cc">
      <Filter>Source\src\io</Filter>
    </ClCompile>
    <ClCompile Include="..\..\src\io\iter_image_recordio.cc">
      <Filter>Source\src\io</Filter>
    </ClCompile>
    <ClCompile Include="..\..\src\io\iter_image_recordio_2.cc">
      <Filter>Source\src\io</Filter>
    </ClCompile>
    <ClCompile Include="..\..\src\io\iter_libsvm.cc">
      <Filter>Source\src\io</Filter>
    </ClCompile>
    <ClCompile Include="..\..\src\io\iter_mnist.cc">
      <Filter>Source\src\io</Filter>
    </ClCompile>
    <ClCompile Include="..\..\src\ndarray\ndarray.cc">
      <Filter>Source\src\ndarray</Filter>
    </ClCompile>
    <ClCompile Include="..\..\src\ndarray\ndarray_function.cc">
      <Filter>Source\src\ndarray</Filter>
    </ClCompile>
    <ClCompile Include="..\..\src\nnvm\legacy_json_util.cc">
      <Filter>Source\src\nnvm</Filter>
    </ClCompile>
    <ClCompile Include="..\..\src\nnvm\legacy_op_util.cc">
      <Filter>Source\src\nnvm</Filter>
    </ClCompile>
    <ClCompile Include="..\..\src\operator\contrib\bounding_box.cc">
      <Filter>Source\src\operator\contrib</Filter>
    </ClCompile>
    <ClCompile Include="..\..\src\operator\contrib\count_sketch.cc">
      <Filter>Source\src\operator\contrib</Filter>
    </ClCompile>
    <ClCompile Include="..\..\src\operator\contrib\deformable_convolution.cc">
      <Filter>Source\src\operator\contrib</Filter>
    </ClCompile>
    <ClCompile Include="..\..\src\operator\contrib\deformable_psroi_pooling.cc">
      <Filter>Source\src\operator\contrib</Filter>
    </ClCompile>
    <ClCompile Include="..\..\src\operator\contrib\dequantize.cc">
      <Filter>Source\src\operator\contrib</Filter>
    </ClCompile>
    <ClCompile Include="..\..\src\operator\contrib\fft.cc">
      <Filter>Source\src\operator\contrib</Filter>
    </ClCompile>
    <ClCompile Include="..\..\src\operator\contrib\ifft.cc">
      <Filter>Source\src\operator\contrib</Filter>
    </ClCompile>
    <ClCompile Include="..\..\src\operator\contrib\krprod.cc">
      <Filter>Source\src\operator\contrib</Filter>
    </ClCompile>
    <ClCompile Include="..\..\src\operator\contrib\multi_proposal.cc">
      <Filter>Source\src\operator\contrib</Filter>
    </ClCompile>
    <ClCompile Include="..\..\src\operator\contrib\multibox_detection.cc">
      <Filter>Source\src\operator\contrib</Filter>
    </ClCompile>
    <ClCompile Include="..\..\src\operator\contrib\multibox_prior.cc">
      <Filter>Source\src\operator\contrib</Filter>
    </ClCompile>
    <ClCompile Include="..\..\src\operator\contrib\multibox_target.cc">
      <Filter>Source\src\operator\contrib</Filter>
    </ClCompile>
    <ClCompile Include="..\..\src\operator\contrib\proposal.cc">
      <Filter>Source\src\operator\contrib</Filter>
    </ClCompile>
    <ClCompile Include="..\..\src\operator\contrib\psroi_pooling.cc">
      <Filter>Source\src\operator\contrib</Filter>
    </ClCompile>
    <ClCompile Include="..\..\src\operator\contrib\quantize.cc">
      <Filter>Source\src\operator\contrib</Filter>
    </ClCompile>
    <ClCompile Include="..\..\src\operator\custom\custom.cc">
      <Filter>Source\src\operator\custom</Filter>
    </ClCompile>
    <ClCompile Include="..\..\src\operator\custom\native_op.cc">
      <Filter>Source\src\operator\custom</Filter>
    </ClCompile>
    <ClCompile Include="..\..\src\operator\custom\ndarray_op.cc">
      <Filter>Source\src\operator\custom</Filter>
    </ClCompile>
    <ClCompile Include="..\..\src\operator\image\image_random.cc">
      <Filter>Source\src\operator\image</Filter>
    </ClCompile>
    <ClCompile Include="..\..\src\operator\nn\cudnn\cudnn_algoreg.cc">
      <Filter>Source\src\operator\nn\cudnn</Filter>
    </ClCompile>
    <ClCompile Include="..\..\src\operator\nn\cudnn\cudnn_batch_norm.cc">
      <Filter>Source\src\operator\nn\cudnn</Filter>
    </ClCompile>
    <ClCompile Include="..\..\src\operator\nn\activation.cc">
      <Filter>Source\src\operator\nn</Filter>
    </ClCompile>
    <ClCompile Include="..\..\src\operator\nn\batch_norm.cc">
      <Filter>Source\src\operator\nn</Filter>
    </ClCompile>
    <ClCompile Include="..\..\src\operator\nn\concat.cc">
      <Filter>Source\src\operator\nn</Filter>
    </ClCompile>
    <ClCompile Include="..\..\src\operator\nn\convolution.cc">
      <Filter>Source\src\operator\nn</Filter>
    </ClCompile>
    <ClCompile Include="..\..\src\operator\nn\deconvolution.cc">
      <Filter>Source\src\operator\nn</Filter>
    </ClCompile>
    <ClCompile Include="..\..\src\operator\nn\dropout.cc">
      <Filter>Source\src\operator\nn</Filter>
    </ClCompile>
    <ClCompile Include="..\..\src\operator\nn\fully_connected.cc">
      <Filter>Source\src\operator\nn</Filter>
    </ClCompile>
    <ClCompile Include="..\..\src\operator\nn\pooling.cc">
      <Filter>Source\src\operator\nn</Filter>
    </ClCompile>
    <ClCompile Include="..\..\src\operator\nn\softmax.cc">
      <Filter>Source\src\operator\nn</Filter>
    </ClCompile>
    <ClCompile Include="..\..\src\operator\nn\softmax_activation.cc">
      <Filter>Source\src\operator\nn</Filter>
    </ClCompile>
    <ClCompile Include="..\..\src\operator\nn\upsampling.cc">
      <Filter>Source\src\operator\nn</Filter>
    </ClCompile>
    <ClCompile Include="..\..\src\operator\random\multisample_op.cc">
      <Filter>Source\src\operator\random</Filter>
    </ClCompile>
    <ClCompile Include="..\..\src\operator\random\sample_multinomial_op.cc">
      <Filter>Source\src\operator\random</Filter>
    </ClCompile>
    <ClCompile Include="..\..\src\operator\random\sample_op.cc">
      <Filter>Source\src\operator\random</Filter>
    </ClCompile>
    <ClCompile Include="..\..\src\operator\tensor\broadcast_reduce_op_index.cc">
      <Filter>Source\src\operator\tensor</Filter>
    </ClCompile>
    <ClCompile Include="..\..\src\operator\tensor\broadcast_reduce_op_value.cc">
      <Filter>Source\src\operator\tensor</Filter>
    </ClCompile>
    <ClCompile Include="..\..\src\operator\tensor\cast_storage.cc">
      <Filter>Source\src\operator\tensor</Filter>
    </ClCompile>
    <ClCompile Include="..\..\src\operator\tensor\control_flow_op.cc">
      <Filter>Source\src\operator\tensor</Filter>
    </ClCompile>
    <ClCompile Include="..\..\src\operator\tensor\dot.cc">
      <Filter>Source\src\operator\tensor</Filter>
    </ClCompile>
    <ClCompile Include="..\..\src\operator\tensor\elemwise_binary_broadcast_op_basic.cc">
      <Filter>Source\src\operator\tensor</Filter>
    </ClCompile>
    <ClCompile Include="..\..\src\operator\tensor\elemwise_binary_broadcast_op_logic.cc">
      <Filter>Source\src\operator\tensor</Filter>
    </ClCompile>
    <ClCompile Include="..\..\src\operator\tensor\elemwise_binary_op.cc">
      <Filter>Source\src\operator\tensor</Filter>
    </ClCompile>
    <ClCompile Include="..\..\src\operator\tensor\elemwise_binary_op_basic.cc">
      <Filter>Source\src\operator\tensor</Filter>
    </ClCompile>
    <ClCompile Include="..\..\src\operator\tensor\elemwise_binary_op_extended.cc">
      <Filter>Source\src\operator\tensor</Filter>
    </ClCompile>
    <ClCompile Include="..\..\src\operator\tensor\elemwise_binary_op_logic.cc">
      <Filter>Source\src\operator\tensor</Filter>
    </ClCompile>
    <ClCompile Include="..\..\src\operator\tensor\elemwise_binary_scalar_op_basic.cc">
      <Filter>Source\src\operator\tensor</Filter>
    </ClCompile>
    <ClCompile Include="..\..\src\operator\tensor\elemwise_binary_scalar_op_extended.cc">
      <Filter>Source\src\operator\tensor</Filter>
    </ClCompile>
    <ClCompile Include="..\..\src\operator\tensor\elemwise_binary_scalar_op_logic.cc">
      <Filter>Source\src\operator\tensor</Filter>
    </ClCompile>
    <ClCompile Include="..\..\src\operator\tensor\elemwise_scatter_op.cc">
      <Filter>Source\src\operator\tensor</Filter>
    </ClCompile>
    <ClCompile Include="..\..\src\operator\tensor\elemwise_sum.cc">
      <Filter>Source\src\operator\tensor</Filter>
    </ClCompile>
    <ClCompile Include="..\..\src\operator\tensor\elemwise_unary_op_basic.cc">
      <Filter>Source\src\operator\tensor</Filter>
    </ClCompile>
    <ClCompile Include="..\..\src\operator\tensor\elemwise_unary_op_trig.cc">
      <Filter>Source\src\operator\tensor</Filter>
    </ClCompile>
    <ClCompile Include="..\..\src\operator\tensor\indexing_op.cc">
      <Filter>Source\src\operator\tensor</Filter>
    </ClCompile>
    <ClCompile Include="..\..\src\operator\tensor\init_op.cc">
      <Filter>Source\src\operator\tensor</Filter>
    </ClCompile>
    <ClCompile Include="..\..\src\operator\tensor\la_op.cc">
      <Filter>Source\src\operator\tensor</Filter>
    </ClCompile>
    <ClCompile Include="..\..\src\operator\tensor\matrix_op.cc">
      <Filter>Source\src\operator\tensor</Filter>
    </ClCompile>
    <ClCompile Include="..\..\src\operator\tensor\ordering_op.cc">
      <Filter>Source\src\operator\tensor</Filter>
    </ClCompile>
    <ClCompile Include="..\..\src\operator\tensor\sparse_retain.cc">
      <Filter>Source\src\operator\tensor</Filter>
    </ClCompile>
    <ClCompile Include="..\..\src\operator\tensor\square_sum.cc">
      <Filter>Source\src\operator\tensor</Filter>
    </ClCompile>
    <ClCompile Include="..\..\src\operator\batch_norm_v1.cc">
      <Filter>Source\src\operator</Filter>
    </ClCompile>
    <ClCompile Include="..\..\src\operator\bilinear_sampler.cc">
      <Filter>Source\src\operator</Filter>
    </ClCompile>
    <ClCompile Include="..\..\src\operator\convolution_v1.cc">
      <Filter>Source\src\operator</Filter>
    </ClCompile>
    <ClCompile Include="..\..\src\operator\correlation.cc">
      <Filter>Source\src\operator</Filter>
    </ClCompile>
    <ClCompile Include="..\..\src\operator\crop.cc">
      <Filter>Source\src\operator</Filter>
    </ClCompile>
    <ClCompile Include="..\..\src\operator\cross_device_copy.cc">
      <Filter>Source\src\operator</Filter>
    </ClCompile>
    <ClCompile Include="..\..\src\operator\grid_generator.cc">
      <Filter>Source\src\operator</Filter>
    </ClCompile>
    <ClCompile Include="..\..\src\operator\identity_attach_KL_sparse_reg.cc">
      <Filter>Source\src\operator</Filter>
    </ClCompile>
    <ClCompile Include="..\..\src\operator\instance_norm.cc">
      <Filter>Source\src\operator</Filter>
    </ClCompile>
    <ClCompile Include="..\..\src\operator\l2_normalization.cc">
      <Filter>Source\src\operator</Filter>
    </ClCompile>
    <ClCompile Include="..\..\src\operator\leaky_relu.cc">
      <Filter>Source\src\operator</Filter>
    </ClCompile>
    <ClCompile Include="..\..\src\operator\operator.cc">
      <Filter>Source\src\operator</Filter>
    </ClCompile>
    <ClCompile Include="..\..\src\operator\operator_tune.cc">
      <Filter>Source\src\operator</Filter>
    </ClCompile>
    <ClCompile Include="..\..\src\operator\operator_util.cc">
      <Filter>Source\src\operator</Filter>
    </ClCompile>
    <ClCompile Include="..\..\src\operator\pad.cc">
      <Filter>Source\src\operator</Filter>
    </ClCompile>
    <ClCompile Include="..\..\src\operator\pooling_v1.cc">
      <Filter>Source\src\operator</Filter>
    </ClCompile>
    <ClCompile Include="..\..\src\operator\rnn.cc">
      <Filter>Source\src\operator</Filter>
    </ClCompile>
    <ClCompile Include="..\..\src\operator\roi_pooling.cc">
      <Filter>Source\src\operator</Filter>
    </ClCompile>
    <ClCompile Include="..\..\src\operator\sequence_last.cc">
      <Filter>Source\src\operator</Filter>
    </ClCompile>
    <ClCompile Include="..\..\src\operator\sequence_mask.cc">
      <Filter>Source\src\operator</Filter>
    </ClCompile>
    <ClCompile Include="..\..\src\operator\sequence_reverse.cc">
      <Filter>Source\src\operator</Filter>
    </ClCompile>
    <ClCompile Include="..\..\src\operator\slice_channel.cc">
      <Filter>Source\src\operator</Filter>
    </ClCompile>
    <ClCompile Include="..\..\src\operator\softmax_output.cc">
      <Filter>Source\src\operator</Filter>
    </ClCompile>
    <ClCompile Include="..\..\src\operator\spatial_transformer.cc">
      <Filter>Source\src\operator</Filter>
    </ClCompile>
    <ClCompile Include="..\..\src\operator\svm_output.cc">
      <Filter>Source\src\operator</Filter>
    </ClCompile>
    <ClCompile Include="..\..\src\operator\swapaxis.cc">
      <Filter>Source\src\operator</Filter>
    </ClCompile>
    <ClCompile Include="..\..\src\storage\storage.cc">
      <Filter>Source\src\storage</Filter>
    </ClCompile>
    <ClCompile Include="..\..\src\initialize.cc">
      <Filter>Source\src</Filter>
    </ClCompile>
    <ClCompile Include="..\..\src\resource.cc">
      <Filter>Source\src</Filter>
    </ClCompile>
  </ItemGroup>
</Project>